PODS:
  - SwiftFormat/CLI (0.47.2)
  - SwiftLint (0.40.3)
  - TinkoffASDKCore (2.9.1)
  - TinkoffASDKCore/Tests (2.9.1)
  - TinkoffASDKUI (2.9.1):
    - TinkoffASDKCore

DEPENDENCIES:
  - SwiftFormat/CLI (~> 0.47.2)
  - SwiftLint (~> 0.40.0)
  - TinkoffASDKCore (from `.`)
  - TinkoffASDKCore/Tests (from `.`)
  - TinkoffASDKUI (from `.`)

SPEC REPOS:
  trunk:
    - SwiftFormat
    - SwiftLint

EXTERNAL SOURCES:
  TinkoffASDKCore:
    :path: "."
  TinkoffASDKUI:
    :path: "."

SPEC CHECKSUMS:
  SwiftFormat: 0315a7115b15fd4ea2d043d5f5c22e3c98f84078
  SwiftLint: dfd554ff0dff17288ee574814ccdd5cea85d76f7
  TinkoffASDKCore: fa58d1d5763182d49babbd9435f97741327f4b44
  TinkoffASDKUI: 345596463c52bc4c477993ea55a5af840f33bd51

PODFILE CHECKSUM: 66ce35bd53f36cb83613ba4b5ddae3c1ba9a0d71

COCOAPODS: 1.11.3
