// !$*UTF8*$!
{
	archiveVersion = 1;
	classes = {
	};
	objectVersion = 54;
	objects = {

/* Begin PBXBuildFile section */
		2C06D08B23F1492C006FC588 /* AboutViewController.swift in Sources */ = {isa = PBXBuildFile; fileRef = 2C06D08923F1492C006FC588 /* AboutViewController.swift */; };
		2C2F7B8D2451726F008A2415 /* WebKit.framework in Frameworks */ = {isa = PBXBuildFile; fileRef = 2C2F7B8C2451726F008A2415 /* WebKit.framework */; };
		2C4683FD247258BC0067DA48 /* BuyProductsViewController.swift in Sources */ = {isa = PBXBuildFile; fileRef = 2C4683FC247258BC0067DA48 /* BuyProductsViewController.swift */; };
		2C4D782E23F42090003A355D /* SettingsTableViewController.swift in Sources */ = {isa = PBXBuildFile; fileRef = 2C4D782D23F42090003A355D /* SettingsTableViewController.swift */; };
		2C6560832476D18800DEA4A9 /* SegmentedTabeViewCell.swift in Sources */ = {isa = PBXBuildFile; fileRef = 2C6560812476D18800DEA4A9 /* SegmentedTabeViewCell.swift */; };
		2C6560842476D18800DEA4A9 /* SegmentedTabeViewCell.xib in Resources */ = {isa = PBXBuildFile; fileRef = 2C6560822476D18800DEA4A9 /* SegmentedTabeViewCell.xib */; };
		2C9C7EBF239FBCB200DE4071 /* AppDelegate.swift in Sources */ = {isa = PBXBuildFile; fileRef = 2C9C7EBE239FBCB200DE4071 /* AppDelegate.swift */; };
		2C9C7EC3239FBCB200DE4071 /* RootViewController.swift in Sources */ = {isa = PBXBuildFile; fileRef = 2C9C7EC2239FBCB200DE4071 /* RootViewController.swift */; };
		2CA0205F23F2C01500C2AB0E /* CartTableViewController.swift in Sources */ = {isa = PBXBuildFile; fileRef = 2CA0205E23F2C01500C2AB0E /* CartTableViewController.swift */; };
		2CA0206123F2C2B600C2AB0E /* Utils.swift in Sources */ = {isa = PBXBuildFile; fileRef = 2CA0206023F2C2B600C2AB0E /* Utils.swift */; };
		2CA0206523F2CE5700C2AB0E /* UIUtils.swift in Sources */ = {isa = PBXBuildFile; fileRef = 2CA0206423F2CE5700C2AB0E /* UIUtils.swift */; };
		2CA0206723F2CF8700C2AB0E /* CartBuyButtonView.swift in Sources */ = {isa = PBXBuildFile; fileRef = 2CA0206623F2CF8700C2AB0E /* CartBuyButtonView.swift */; };
		2CA0206923F2CFB100C2AB0E /* CartBuyButtonView.xib in Resources */ = {isa = PBXBuildFile; fileRef = 2CA0206823F2CFB100C2AB0E /* CartBuyButtonView.xib */; };
		2CA0206D23F2D1F400C2AB0E /* CartEmptyTableViewCell.swift in Sources */ = {isa = PBXBuildFile; fileRef = 2CA0206B23F2D1F400C2AB0E /* CartEmptyTableViewCell.swift */; };
		2CA0206E23F2D1F400C2AB0E /* CartEmptyTableViewCell.xib in Resources */ = {isa = PBXBuildFile; fileRef = 2CA0206C23F2D1F400C2AB0E /* CartEmptyTableViewCell.xib */; };
		2CAE6DE224628FD200F48739 /* ButtonTableViewCell.xib in Resources */ = {isa = PBXBuildFile; fileRef = 2CAE6DE024628FD200F48739 /* ButtonTableViewCell.xib */; };
		2CAE6DE324628FD200F48739 /* ButtonTableViewCell.swift in Sources */ = {isa = PBXBuildFile; fileRef = 2CAE6DE124628FD200F48739 /* ButtonTableViewCell.swift */; };
		2CAEC1A4246D20F20052E07C /* SwitchTableViewCell.xib in Resources */ = {isa = PBXBuildFile; fileRef = 2CAEC1A2246D20F20052E07C /* SwitchTableViewCell.xib */; };
		2CAEC1A5246D20F20052E07C /* SwitchTableViewCell.swift in Sources */ = {isa = PBXBuildFile; fileRef = 2CAEC1A3246D20F20052E07C /* SwitchTableViewCell.swift */; };
		2CD7522424A36D19005FA56C /* RebuildCardTableViewCell.swift in Sources */ = {isa = PBXBuildFile; fileRef = 2CD7522124A36D19005FA56C /* RebuildCardTableViewCell.swift */; };
		2CD7522524A36D19005FA56C /* RebuildCardTableViewCell.xib in Resources */ = {isa = PBXBuildFile; fileRef = 2CD7522224A36D19005FA56C /* RebuildCardTableViewCell.xib */; };
		2CD7522624A36D19005FA56C /* SelectRebuildCardViewController.swift in Sources */ = {isa = PBXBuildFile; fileRef = 2CD7522324A36D19005FA56C /* SelectRebuildCardViewController.swift */; };
		2CFEEE08246EA4910009E633 /* InfoPlist.strings in Resources */ = {isa = PBXBuildFile; fileRef = 2CFEEE07246EA4910009E633 /* InfoPlist.strings */; };
		4749076CE49DE1C211DB4E08 /* Pods_ASDKSample.framework in Frameworks */ = {isa = PBXBuildFile; fileRef = 0C0515196236F7F45BACBF2A /* Pods_ASDKSample.framework */; };
		576E765329769FB1009AF5E2 /* UIAlertController+CardScannerMock.swift in Sources */ = {isa = PBXBuildFile; fileRef = 576E765229769FB1009AF5E2 /* UIAlertController+CardScannerMock.swift */; };
		57D1C5C62975A9B900C6D1CA /* UITableView+Utils.swift in Sources */ = {isa = PBXBuildFile; fileRef = 57D1C5C52975A9B900C6D1CA /* UITableView+Utils.swift */; };
		57DE3DF72934ED2C00FD6F1B /* ContainerTableViewCell.swift in Sources */ = {isa = PBXBuildFile; fileRef = 57DE3DF62934ED2C00FD6F1B /* ContainerTableViewCell.swift */; };
		57EEFB8A28F409A300809488 /* StageTestData.swift in Sources */ = {isa = PBXBuildFile; fileRef = 57EEFB8928F409A300809488 /* StageTestData.swift */; };
		57EEFB8F28F486C200809488 /* SampleTokenProvider.swift in Sources */ = {isa = PBXBuildFile; fileRef = 57EEFB8E28F486C200809488 /* SampleTokenProvider.swift */; };
		57EEFB9228F544D500809488 /* SHA256.swift in Sources */ = {isa = PBXBuildFile; fileRef = 57EEFB9128F544D500809488 /* SHA256.swift */; };
		5C107B1B2A272E47002BA8A0 /* TinkoffPaySheetTestsRU.swift in Sources */ = {isa = PBXBuildFile; fileRef = 5C107B1A2A272E47002BA8A0 /* TinkoffPaySheetTestsRU.swift */; };
		83672271D7BCC31D589EB3FC /* Pods_ASDKSampleUITests.framework in Frameworks */ = {isa = PBXBuildFile; fileRef = 0E909AB9C916C3680032502D /* Pods_ASDKSampleUITests.framework */; };
		A87513892971CD6100FCD98A /* PROJECT_RULES.md in Resources */ = {isa = PBXBuildFile; fileRef = A87513882971CD6100FCD98A /* PROJECT_RULES.md */; };
		A87513ED2979A32900FCD98A /* CHANGELOG.md in Resources */ = {isa = PBXBuildFile; fileRef = A87513EC2979A32900FCD98A /* CHANGELOG.md */; };
		B116E88D2A2762E600860DD6 /* AddCardTestsRU.swift in Sources */ = {isa = PBXBuildFile; fileRef = B116E88C2A2762E600860DD6 /* AddCardTestsRU.swift */; };
		B116E8922A276B0D00860DD6 /* CardFieldViewTestsRU.swift in Sources */ = {isa = PBXBuildFile; fileRef = B116E8912A276B0D00860DD6 /* CardFieldViewTestsRU.swift */; };
		B121157928EEBEB0007C6543 /* EditSdkCredentialsViewController.swift in Sources */ = {isa = PBXBuildFile; fileRef = B121157828EEBEB0007C6543 /* EditSdkCredentialsViewController.swift */; };
		B121157B28EED63D007C6543 /* CGFloat+Ext.swift in Sources */ = {isa = PBXBuildFile; fileRef = B121157A28EED63D007C6543 /* CGFloat+Ext.swift */; };
		B1419C5328D46AB2005C61DE /* Localizable.strings in Resources */ = {isa = PBXBuildFile; fileRef = B1419C4B28D46AB2005C61DE /* Localizable.strings */; };
		B1419C5428D46AB2005C61DE /* Assets.xcassets in Resources */ = {isa = PBXBuildFile; fileRef = B1419C4E28D46AB2005C61DE /* Assets.xcassets */; };
		B1419C5528D46AB2005C61DE /* LaunchScreen.storyboard in Resources */ = {isa = PBXBuildFile; fileRef = B1419C4F28D46AB2005C61DE /* LaunchScreen.storyboard */; };
		B1419C5628D46AB2005C61DE /* Main.storyboard in Resources */ = {isa = PBXBuildFile; fileRef = B1419C5128D46AB2005C61DE /* Main.storyboard */; };
		B1419C5928D46D96005C61DE /* Strings+Generated.swift in Sources */ = {isa = PBXBuildFile; fileRef = B1419C5728D46D96005C61DE /* Strings+Generated.swift */; };
		B1419C5A28D46D96005C61DE /* Assets+Generated.swift in Sources */ = {isa = PBXBuildFile; fileRef = B1419C5828D46D96005C61DE /* Assets+Generated.swift */; };
		B156F90C28F0440000ABABDD /* UIEdgeInsets+Ext.swift in Sources */ = {isa = PBXBuildFile; fileRef = B156F90B28F0440000ABABDD /* UIEdgeInsets+Ext.swift */; };
		B156F90E28F06B3700ABABDD /* UIView+Ext.swift in Sources */ = {isa = PBXBuildFile; fileRef = B156F90D28F06B3700ABABDD /* UIView+Ext.swift */; };
		B16DA1D62A1B96310046D04A /* README_SNAPSHOT_TESTS.md in Resources */ = {isa = PBXBuildFile; fileRef = B16DA1D52A1B96310046D04A /* README_SNAPSHOT_TESTS.md */; };
		B18F3A872A1645DA004E153B /* SnapshotTesting in Frameworks */ = {isa = PBXBuildFile; productRef = B18F3A862A1645DA004E153B /* SnapshotTesting */; };
		B1A4EDDB28F3FC2C004D0C99 /* ViewProtocols.swift in Sources */ = {isa = PBXBuildFile; fileRef = B1A4EDDA28F3FC2C004D0C99 /* ViewProtocols.swift */; };
		B1A4EDDD28F3FCB0004D0C99 /* GenericTableCell.swift in Sources */ = {isa = PBXBuildFile; fileRef = B1A4EDDC28F3FCB0004D0C99 /* GenericTableCell.swift */; };
		B1A4EDDF28F3FD4B004D0C99 /* HorizontalTitleSwitchView.swift in Sources */ = {isa = PBXBuildFile; fileRef = B1A4EDDE28F3FD4B004D0C99 /* HorizontalTitleSwitchView.swift */; };
		B1A4EDE128F3FD73004D0C99 /* VerticalEditableView.swift in Sources */ = {isa = PBXBuildFile; fileRef = B1A4EDE028F3FD73004D0C99 /* VerticalEditableView.swift */; };
		B1A4EDE328F3FD86004D0C99 /* CredentialsView.swift in Sources */ = {isa = PBXBuildFile; fileRef = B1A4EDE228F3FD86004D0C99 /* CredentialsView.swift */; };
		B1AC71B72A6802C700A0FCD5 /* UIColor+Ext.swift in Sources */ = {isa = PBXBuildFile; fileRef = B1AC71B62A6802C700A0FCD5 /* UIColor+Ext.swift */; };
		B1AC71B92A680AE500A0FCD5 /* TdsSdkInterface+Ext.swift in Sources */ = {isa = PBXBuildFile; fileRef = B1AC71B82A680AE500A0FCD5 /* TdsSdkInterface+Ext.swift */; };
		B1AE34802A17AC9400B31257 /* YandexPayHelper.swift in Sources */ = {isa = PBXBuildFile; fileRef = B1AE347F2A17AC9400B31257 /* YandexPayHelper.swift */; };
		B1AE34822A17ACBA00B31257 /* YandexPayButtonTestsEN.swift in Sources */ = {isa = PBXBuildFile; fileRef = B1AE34812A17ACBA00B31257 /* YandexPayButtonTestsEN.swift */; };
		B1AE34842A17ACDB00B31257 /* YandexPayButtonTestsRU.swift in Sources */ = {isa = PBXBuildFile; fileRef = B1AE34832A17ACDB00B31257 /* YandexPayButtonTestsRU.swift */; };
		B1C97B7828F46E4000DC007B /* UIImage+Ext.swift in Sources */ = {isa = PBXBuildFile; fileRef = B1C97B7728F46E4000DC007B /* UIImage+Ext.swift */; };
		B1D01A1028F5731C00D429F4 /* AppSetting.swift in Sources */ = {isa = PBXBuildFile; fileRef = B1D01A0F28F5731C00D429F4 /* AppSetting.swift */; };
		B1D01A1228F5A20800D429F4 /* JustButton.swift in Sources */ = {isa = PBXBuildFile; fileRef = B1D01A1128F5A20800D429F4 /* JustButton.swift */; };
		B1D01A1428F5AE6000D429F4 /* SdkAssembly.swift in Sources */ = {isa = PBXBuildFile; fileRef = B1D01A1328F5AE6000D429F4 /* SdkAssembly.swift */; };
		B1DB069A295AD5DB006C9DAF /* UIAlertController+Ext.swift in Sources */ = {isa = PBXBuildFile; fileRef = B1DB0699295AD5DB006C9DAF /* UIAlertController+Ext.swift */; };
		B1F10E182A1CEF9200B34171 /* YandexPayPaymentSheetTestsRU.swift in Sources */ = {isa = PBXBuildFile; fileRef = B1F10E172A1CEF9200B34171 /* YandexPayPaymentSheetTestsRU.swift */; };
		B1F10E1A2A1CF0BE00B34171 /* SampleTestsHelper.swift in Sources */ = {isa = PBXBuildFile; fileRef = B1F10E192A1CF0BE00B34171 /* SampleTestsHelper.swift */; };
		F7D00F0F2A6932D600B68B6F /* ASDKSampleUITests.swift in Sources */ = {isa = PBXBuildFile; fileRef = F7D00F0E2A6932D600B68B6F /* ASDKSampleUITests.swift */; };
		F7D00F582A6966CF00B68B6F /* XCUIElement+Wait.swift in Sources */ = {isa = PBXBuildFile; fileRef = F7D00F572A6966CF00B68B6F /* XCUIElement+Wait.swift */; };
		F7D00F5D2A69678700B68B6F /* TimeInterval+Utils.swift in Sources */ = {isa = PBXBuildFile; fileRef = F7D00F5C2A69678700B68B6F /* TimeInterval+Utils.swift */; };
		F7D00F5F2A696A2900B68B6F /* XCUIElement+ScrollToElement.swift in Sources */ = {isa = PBXBuildFile; fileRef = F7D00F5E2A696A2900B68B6F /* XCUIElement+ScrollToElement.swift */; };
		F7D00F622A696A7800B68B6F /* XCTestCase+AllureId.swift in Sources */ = {isa = PBXBuildFile; fileRef = F7D00F612A696A7800B68B6F /* XCTestCase+AllureId.swift */; };
		F7D00F652A696B9200B68B6F /* BasePage.swift in Sources */ = {isa = PBXBuildFile; fileRef = F7D00F642A696B9200B68B6F /* BasePage.swift */; };
		F7D00F672A69ADB100B68B6F /* BaseUITest.swift in Sources */ = {isa = PBXBuildFile; fileRef = F7D00F662A69ADB100B68B6F /* BaseUITest.swift */; };
		F7D00F692A69AEC200B68B6F /* ApplicationHolder.swift in Sources */ = {isa = PBXBuildFile; fileRef = F7D00F682A69AEC200B68B6F /* ApplicationHolder.swift */; };
/* End PBXBuildFile section */

/* Begin PBXContainerItemProxy section */
		B18F3A802A164565004E153B /* PBXContainerItemProxy */ = {
			isa = PBXContainerItemProxy;
			containerPortal = 2C9C7EB3239FBCB200DE4071 /* Project object */;
			proxyType = 1;
			remoteGlobalIDString = 2C9C7EBA239FBCB200DE4071;
			remoteInfo = ASDKSample;
		};
		F7D00F122A6932D600B68B6F /* PBXContainerItemProxy */ = {
			isa = PBXContainerItemProxy;
			containerPortal = 2C9C7EB3239FBCB200DE4071 /* Project object */;
			proxyType = 1;
			remoteGlobalIDString = 2C9C7EBA239FBCB200DE4071;
			remoteInfo = ASDKSample;
		};
/* End PBXContainerItemProxy section */

/* Begin PBXFileReference section */
		0C0515196236F7F45BACBF2A /* Pods_ASDKSample.framework */ = {isa = PBXFileReference; explicitFileType = wrapper.framework; includeInIndex = 0; path = Pods_ASDKSample.framework; sourceTree = BUILT_PRODUCTS_DIR; };
		0E909AB9C916C3680032502D /* Pods_ASDKSampleUITests.framework */ = {isa = PBXFileReference; explicitFileType = wrapper.framework; includeInIndex = 0; path = Pods_ASDKSampleUITests.framework; sourceTree = BUILT_PRODUCTS_DIR; };
		1C08A5F54992F8812B380E47 /* Pods-ASDKSampleUITests.debug.xcconfig */ = {isa = PBXFileReference; includeInIndex = 1; lastKnownFileType = text.xcconfig; name = "Pods-ASDKSampleUITests.debug.xcconfig"; path = "Target Support Files/Pods-ASDKSampleUITests/Pods-ASDKSampleUITests.debug.xcconfig"; sourceTree = "<group>"; };
		2C06D08923F1492C006FC588 /* AboutViewController.swift */ = {isa = PBXFileReference; lastKnownFileType = sourcecode.swift; path = AboutViewController.swift; sourceTree = "<group>"; };
		2C2F7B8C2451726F008A2415 /* WebKit.framework */ = {isa = PBXFileReference; lastKnownFileType = wrapper.framework; name = WebKit.framework; path = System/Library/Frameworks/WebKit.framework; sourceTree = SDKROOT; };
		2C4683FC247258BC0067DA48 /* BuyProductsViewController.swift */ = {isa = PBXFileReference; fileEncoding = 4; lastKnownFileType = sourcecode.swift; path = BuyProductsViewController.swift; sourceTree = "<group>"; };
		2C4D782D23F42090003A355D /* SettingsTableViewController.swift */ = {isa = PBXFileReference; lastKnownFileType = sourcecode.swift; path = SettingsTableViewController.swift; sourceTree = "<group>"; };
		2C6560812476D18800DEA4A9 /* SegmentedTabeViewCell.swift */ = {isa = PBXFileReference; fileEncoding = 4; lastKnownFileType = sourcecode.swift; path = SegmentedTabeViewCell.swift; sourceTree = "<group>"; };
		2C6560822476D18800DEA4A9 /* SegmentedTabeViewCell.xib */ = {isa = PBXFileReference; fileEncoding = 4; lastKnownFileType = file.xib; path = SegmentedTabeViewCell.xib; sourceTree = "<group>"; };
		2C9C7EBB239FBCB200DE4071 /* ASDKSample.app */ = {isa = PBXFileReference; explicitFileType = wrapper.application; includeInIndex = 0; path = ASDKSample.app; sourceTree = BUILT_PRODUCTS_DIR; };
		2C9C7EBE239FBCB200DE4071 /* AppDelegate.swift */ = {isa = PBXFileReference; lastKnownFileType = sourcecode.swift; path = AppDelegate.swift; sourceTree = "<group>"; };
		2C9C7EC2239FBCB200DE4071 /* RootViewController.swift */ = {isa = PBXFileReference; lastKnownFileType = sourcecode.swift; path = RootViewController.swift; sourceTree = "<group>"; };
		2C9C7ECC239FBCB400DE4071 /* Info.plist */ = {isa = PBXFileReference; lastKnownFileType = text.plist.xml; path = Info.plist; sourceTree = "<group>"; };
		2CA0205E23F2C01500C2AB0E /* CartTableViewController.swift */ = {isa = PBXFileReference; lastKnownFileType = sourcecode.swift; path = CartTableViewController.swift; sourceTree = "<group>"; };
		2CA0206023F2C2B600C2AB0E /* Utils.swift */ = {isa = PBXFileReference; lastKnownFileType = sourcecode.swift; path = Utils.swift; sourceTree = "<group>"; };
		2CA0206423F2CE5700C2AB0E /* UIUtils.swift */ = {isa = PBXFileReference; lastKnownFileType = sourcecode.swift; path = UIUtils.swift; sourceTree = "<group>"; };
		2CA0206623F2CF8700C2AB0E /* CartBuyButtonView.swift */ = {isa = PBXFileReference; lastKnownFileType = sourcecode.swift; path = CartBuyButtonView.swift; sourceTree = "<group>"; };
		2CA0206823F2CFB100C2AB0E /* CartBuyButtonView.xib */ = {isa = PBXFileReference; lastKnownFileType = file.xib; path = CartBuyButtonView.xib; sourceTree = "<group>"; };
		2CA0206B23F2D1F400C2AB0E /* CartEmptyTableViewCell.swift */ = {isa = PBXFileReference; lastKnownFileType = sourcecode.swift; path = CartEmptyTableViewCell.swift; sourceTree = "<group>"; };
		2CA0206C23F2D1F400C2AB0E /* CartEmptyTableViewCell.xib */ = {isa = PBXFileReference; lastKnownFileType = file.xib; path = CartEmptyTableViewCell.xib; sourceTree = "<group>"; };
		2CAE6DE024628FD200F48739 /* ButtonTableViewCell.xib */ = {isa = PBXFileReference; fileEncoding = 4; lastKnownFileType = file.xib; path = ButtonTableViewCell.xib; sourceTree = "<group>"; };
		2CAE6DE124628FD200F48739 /* ButtonTableViewCell.swift */ = {isa = PBXFileReference; fileEncoding = 4; lastKnownFileType = sourcecode.swift; path = ButtonTableViewCell.swift; sourceTree = "<group>"; };
		2CAE6DE92462A38200F48739 /* ASDKSampleDebug.entitlements */ = {isa = PBXFileReference; lastKnownFileType = text.plist.entitlements; path = ASDKSampleDebug.entitlements; sourceTree = "<group>"; };
		2CAEC1A2246D20F20052E07C /* SwitchTableViewCell.xib */ = {isa = PBXFileReference; fileEncoding = 4; lastKnownFileType = file.xib; path = SwitchTableViewCell.xib; sourceTree = "<group>"; };
		2CAEC1A3246D20F20052E07C /* SwitchTableViewCell.swift */ = {isa = PBXFileReference; fileEncoding = 4; lastKnownFileType = sourcecode.swift; path = SwitchTableViewCell.swift; sourceTree = "<group>"; };
		2CB4749B246EAC890000509E /* AudioToolbox.framework */ = {isa = PBXFileReference; lastKnownFileType = wrapper.framework; name = AudioToolbox.framework; path = System/Library/Frameworks/AudioToolbox.framework; sourceTree = SDKROOT; };
		2CD7522124A36D19005FA56C /* RebuildCardTableViewCell.swift */ = {isa = PBXFileReference; fileEncoding = 4; lastKnownFileType = sourcecode.swift; path = RebuildCardTableViewCell.swift; sourceTree = "<group>"; };
		2CD7522224A36D19005FA56C /* RebuildCardTableViewCell.xib */ = {isa = PBXFileReference; fileEncoding = 4; lastKnownFileType = file.xib; path = RebuildCardTableViewCell.xib; sourceTree = "<group>"; };
		2CD7522324A36D19005FA56C /* SelectRebuildCardViewController.swift */ = {isa = PBXFileReference; fileEncoding = 4; lastKnownFileType = sourcecode.swift; path = SelectRebuildCardViewController.swift; sourceTree = "<group>"; };
		2CFEEE07246EA4910009E633 /* InfoPlist.strings */ = {isa = PBXFileReference; lastKnownFileType = text.plist.strings; path = InfoPlist.strings; sourceTree = "<group>"; };
		576E765229769FB1009AF5E2 /* UIAlertController+CardScannerMock.swift */ = {isa = PBXFileReference; lastKnownFileType = sourcecode.swift; path = "UIAlertController+CardScannerMock.swift"; sourceTree = "<group>"; };
		57D1C5C52975A9B900C6D1CA /* UITableView+Utils.swift */ = {isa = PBXFileReference; lastKnownFileType = sourcecode.swift; path = "UITableView+Utils.swift"; sourceTree = "<group>"; };
		57DE3DF62934ED2C00FD6F1B /* ContainerTableViewCell.swift */ = {isa = PBXFileReference; lastKnownFileType = sourcecode.swift; path = ContainerTableViewCell.swift; sourceTree = "<group>"; };
		57EEFB8928F409A300809488 /* StageTestData.swift */ = {isa = PBXFileReference; fileEncoding = 4; lastKnownFileType = sourcecode.swift; path = StageTestData.swift; sourceTree = "<group>"; };
		57EEFB8E28F486C200809488 /* SampleTokenProvider.swift */ = {isa = PBXFileReference; lastKnownFileType = sourcecode.swift; path = SampleTokenProvider.swift; sourceTree = "<group>"; };
		57EEFB9128F544D500809488 /* SHA256.swift */ = {isa = PBXFileReference; lastKnownFileType = sourcecode.swift; path = SHA256.swift; sourceTree = "<group>"; };
		5C107B1A2A272E47002BA8A0 /* TinkoffPaySheetTestsRU.swift */ = {isa = PBXFileReference; lastKnownFileType = sourcecode.swift; path = TinkoffPaySheetTestsRU.swift; sourceTree = "<group>"; };
		A1500B64F1EB0C0EC0D7A1CE /* Pods-ASDKSampleUITests.release.xcconfig */ = {isa = PBXFileReference; includeInIndex = 1; lastKnownFileType = text.xcconfig; name = "Pods-ASDKSampleUITests.release.xcconfig"; path = "Target Support Files/Pods-ASDKSampleUITests/Pods-ASDKSampleUITests.release.xcconfig"; sourceTree = "<group>"; };
		A87513882971CD6100FCD98A /* PROJECT_RULES.md */ = {isa = PBXFileReference; fileEncoding = 4; lastKnownFileType = net.daringfireball.markdown; path = PROJECT_RULES.md; sourceTree = "<group>"; };
		A87513EC2979A32900FCD98A /* CHANGELOG.md */ = {isa = PBXFileReference; fileEncoding = 4; lastKnownFileType = net.daringfireball.markdown; name = CHANGELOG.md; path = ../../CHANGELOG.md; sourceTree = "<group>"; };
		B116E88C2A2762E600860DD6 /* AddCardTestsRU.swift */ = {isa = PBXFileReference; lastKnownFileType = sourcecode.swift; path = AddCardTestsRU.swift; sourceTree = "<group>"; };
		B116E8912A276B0D00860DD6 /* CardFieldViewTestsRU.swift */ = {isa = PBXFileReference; lastKnownFileType = sourcecode.swift; path = CardFieldViewTestsRU.swift; sourceTree = "<group>"; };
		B121157828EEBEB0007C6543 /* EditSdkCredentialsViewController.swift */ = {isa = PBXFileReference; lastKnownFileType = sourcecode.swift; path = EditSdkCredentialsViewController.swift; sourceTree = "<group>"; };
		B121157A28EED63D007C6543 /* CGFloat+Ext.swift */ = {isa = PBXFileReference; lastKnownFileType = sourcecode.swift; path = "CGFloat+Ext.swift"; sourceTree = "<group>"; };
		B1419C4C28D46AB2005C61DE /* en */ = {isa = PBXFileReference; lastKnownFileType = text.plist.strings; name = en; path = en.lproj/Localizable.strings; sourceTree = "<group>"; };
		B1419C4D28D46AB2005C61DE /* ru */ = {isa = PBXFileReference; lastKnownFileType = text.plist.strings; name = ru; path = ru.lproj/Localizable.strings; sourceTree = "<group>"; };
		B1419C4E28D46AB2005C61DE /* Assets.xcassets */ = {isa = PBXFileReference; lastKnownFileType = folder.assetcatalog; path = Assets.xcassets; sourceTree = "<group>"; };
		B1419C5028D46AB2005C61DE /* Base */ = {isa = PBXFileReference; lastKnownFileType = file.storyboard; name = Base; path = Base.lproj/LaunchScreen.storyboard; sourceTree = "<group>"; };
		B1419C5228D46AB2005C61DE /* Base */ = {isa = PBXFileReference; lastKnownFileType = file.storyboard; name = Base; path = Base.lproj/Main.storyboard; sourceTree = "<group>"; };
		B1419C5728D46D96005C61DE /* Strings+Generated.swift */ = {isa = PBXFileReference; fileEncoding = 4; lastKnownFileType = sourcecode.swift; path = "Strings+Generated.swift"; sourceTree = "<group>"; };
		B1419C5828D46D96005C61DE /* Assets+Generated.swift */ = {isa = PBXFileReference; fileEncoding = 4; lastKnownFileType = sourcecode.swift; path = "Assets+Generated.swift"; sourceTree = "<group>"; };
		B156F90B28F0440000ABABDD /* UIEdgeInsets+Ext.swift */ = {isa = PBXFileReference; lastKnownFileType = sourcecode.swift; path = "UIEdgeInsets+Ext.swift"; sourceTree = "<group>"; };
		B156F90D28F06B3700ABABDD /* UIView+Ext.swift */ = {isa = PBXFileReference; lastKnownFileType = sourcecode.swift; path = "UIView+Ext.swift"; sourceTree = "<group>"; };
		B16DA1D52A1B96310046D04A /* README_SNAPSHOT_TESTS.md */ = {isa = PBXFileReference; fileEncoding = 4; lastKnownFileType = net.daringfireball.markdown; path = README_SNAPSHOT_TESTS.md; sourceTree = "<group>"; };
		B18F3A7C2A164565004E153B /* ASDKSampleTests.xctest */ = {isa = PBXFileReference; explicitFileType = wrapper.cfbundle; includeInIndex = 0; path = ASDKSampleTests.xctest; sourceTree = BUILT_PRODUCTS_DIR; };
		B1A4EDDA28F3FC2C004D0C99 /* ViewProtocols.swift */ = {isa = PBXFileReference; lastKnownFileType = sourcecode.swift; path = ViewProtocols.swift; sourceTree = "<group>"; };
		B1A4EDDC28F3FCB0004D0C99 /* GenericTableCell.swift */ = {isa = PBXFileReference; lastKnownFileType = sourcecode.swift; path = GenericTableCell.swift; sourceTree = "<group>"; };
		B1A4EDDE28F3FD4B004D0C99 /* HorizontalTitleSwitchView.swift */ = {isa = PBXFileReference; lastKnownFileType = sourcecode.swift; path = HorizontalTitleSwitchView.swift; sourceTree = "<group>"; };
		B1A4EDE028F3FD73004D0C99 /* VerticalEditableView.swift */ = {isa = PBXFileReference; lastKnownFileType = sourcecode.swift; path = VerticalEditableView.swift; sourceTree = "<group>"; };
		B1A4EDE228F3FD86004D0C99 /* CredentialsView.swift */ = {isa = PBXFileReference; lastKnownFileType = sourcecode.swift; path = CredentialsView.swift; sourceTree = "<group>"; };
		B1AC71B62A6802C700A0FCD5 /* UIColor+Ext.swift */ = {isa = PBXFileReference; lastKnownFileType = sourcecode.swift; path = "UIColor+Ext.swift"; sourceTree = "<group>"; };
		B1AC71B82A680AE500A0FCD5 /* TdsSdkInterface+Ext.swift */ = {isa = PBXFileReference; lastKnownFileType = sourcecode.swift; path = "TdsSdkInterface+Ext.swift"; sourceTree = "<group>"; };
		B1AE34782A17AB8C00B31257 /* ASDKSampleTests-EN.xctestplan */ = {isa = PBXFileReference; lastKnownFileType = text; path = "ASDKSampleTests-EN.xctestplan"; sourceTree = "<group>"; };
		B1AE34792A17ABD900B31257 /* ASDKSampleTests-RU.xctestplan */ = {isa = PBXFileReference; lastKnownFileType = text; path = "ASDKSampleTests-RU.xctestplan"; sourceTree = "<group>"; };
		B1AE347F2A17AC9400B31257 /* YandexPayHelper.swift */ = {isa = PBXFileReference; lastKnownFileType = sourcecode.swift; path = YandexPayHelper.swift; sourceTree = "<group>"; };
		B1AE34812A17ACBA00B31257 /* YandexPayButtonTestsEN.swift */ = {isa = PBXFileReference; lastKnownFileType = sourcecode.swift; path = YandexPayButtonTestsEN.swift; sourceTree = "<group>"; };
		B1AE34832A17ACDB00B31257 /* YandexPayButtonTestsRU.swift */ = {isa = PBXFileReference; lastKnownFileType = sourcecode.swift; path = YandexPayButtonTestsRU.swift; sourceTree = "<group>"; };
		B1C97B7728F46E4000DC007B /* UIImage+Ext.swift */ = {isa = PBXFileReference; lastKnownFileType = sourcecode.swift; path = "UIImage+Ext.swift"; sourceTree = "<group>"; };
		B1D01A0F28F5731C00D429F4 /* AppSetting.swift */ = {isa = PBXFileReference; lastKnownFileType = sourcecode.swift; path = AppSetting.swift; sourceTree = "<group>"; };
		B1D01A1128F5A20800D429F4 /* JustButton.swift */ = {isa = PBXFileReference; lastKnownFileType = sourcecode.swift; path = JustButton.swift; sourceTree = "<group>"; };
		B1D01A1328F5AE6000D429F4 /* SdkAssembly.swift */ = {isa = PBXFileReference; lastKnownFileType = sourcecode.swift; path = SdkAssembly.swift; sourceTree = "<group>"; };
		B1DB0699295AD5DB006C9DAF /* UIAlertController+Ext.swift */ = {isa = PBXFileReference; lastKnownFileType = sourcecode.swift; path = "UIAlertController+Ext.swift"; sourceTree = "<group>"; };
		B1F10E172A1CEF9200B34171 /* YandexPayPaymentSheetTestsRU.swift */ = {isa = PBXFileReference; lastKnownFileType = sourcecode.swift; path = YandexPayPaymentSheetTestsRU.swift; sourceTree = "<group>"; };
		B1F10E192A1CF0BE00B34171 /* SampleTestsHelper.swift */ = {isa = PBXFileReference; lastKnownFileType = sourcecode.swift; path = SampleTestsHelper.swift; sourceTree = "<group>"; };
		F766CECEAB3039B03E54DDAA /* Pods-ASDKSample.debug.xcconfig */ = {isa = PBXFileReference; includeInIndex = 1; lastKnownFileType = text.xcconfig; name = "Pods-ASDKSample.debug.xcconfig"; path = "Target Support Files/Pods-ASDKSample/Pods-ASDKSample.debug.xcconfig"; sourceTree = "<group>"; };
		F7D00F0C2A6932D600B68B6F /* ASDKSampleUITests.xctest */ = {isa = PBXFileReference; explicitFileType = wrapper.cfbundle; includeInIndex = 0; path = ASDKSampleUITests.xctest; sourceTree = BUILT_PRODUCTS_DIR; };
		F7D00F0E2A6932D600B68B6F /* ASDKSampleUITests.swift */ = {isa = PBXFileReference; lastKnownFileType = sourcecode.swift; path = ASDKSampleUITests.swift; sourceTree = "<group>"; };
		F7D00F572A6966CF00B68B6F /* XCUIElement+Wait.swift */ = {isa = PBXFileReference; lastKnownFileType = sourcecode.swift; path = "XCUIElement+Wait.swift"; sourceTree = "<group>"; };
		F7D00F5C2A69678700B68B6F /* TimeInterval+Utils.swift */ = {isa = PBXFileReference; lastKnownFileType = sourcecode.swift; path = "TimeInterval+Utils.swift"; sourceTree = "<group>"; };
		F7D00F5E2A696A2900B68B6F /* XCUIElement+ScrollToElement.swift */ = {isa = PBXFileReference; lastKnownFileType = sourcecode.swift; path = "XCUIElement+ScrollToElement.swift"; sourceTree = "<group>"; };
		F7D00F612A696A7800B68B6F /* XCTestCase+AllureId.swift */ = {isa = PBXFileReference; lastKnownFileType = sourcecode.swift; path = "XCTestCase+AllureId.swift"; sourceTree = "<group>"; };
		F7D00F642A696B9200B68B6F /* BasePage.swift */ = {isa = PBXFileReference; lastKnownFileType = sourcecode.swift; path = BasePage.swift; sourceTree = "<group>"; };
		F7D00F662A69ADB100B68B6F /* BaseUITest.swift */ = {isa = PBXFileReference; lastKnownFileType = sourcecode.swift; path = BaseUITest.swift; sourceTree = "<group>"; };
		F7D00F682A69AEC200B68B6F /* ApplicationHolder.swift */ = {isa = PBXFileReference; lastKnownFileType = sourcecode.swift; path = ApplicationHolder.swift; sourceTree = "<group>"; };
		F81D3060AC7698D20867DD17 /* Pods-ASDKSample.release.xcconfig */ = {isa = PBXFileReference; includeInIndex = 1; lastKnownFileType = text.xcconfig; name = "Pods-ASDKSample.release.xcconfig"; path = "Target Support Files/Pods-ASDKSample/Pods-ASDKSample.release.xcconfig"; sourceTree = "<group>"; };
/* End PBXFileReference section */

/* Begin PBXFrameworksBuildPhase section */
		2C9C7EB8239FBCB200DE4071 /* Frameworks */ = {
			isa = PBXFrameworksBuildPhase;
			buildActionMask = 2147483647;
			files = (
				2C2F7B8D2451726F008A2415 /* WebKit.framework in Frameworks */,
				4749076CE49DE1C211DB4E08 /* Pods_ASDKSample.framework in Frameworks */,
			);
			runOnlyForDeploymentPostprocessing = 0;
		};
		B18F3A792A164565004E153B /* Frameworks */ = {
			isa = PBXFrameworksBuildPhase;
			buildActionMask = 2147483647;
			files = (
				B18F3A872A1645DA004E153B /* SnapshotTesting in Frameworks */,
			);
			runOnlyForDeploymentPostprocessing = 0;
		};
		F7D00F092A6932D600B68B6F /* Frameworks */ = {
			isa = PBXFrameworksBuildPhase;
			buildActionMask = 2147483647;
			files = (
				83672271D7BCC31D589EB3FC /* Pods_ASDKSampleUITests.framework in Frameworks */,
			);
			runOnlyForDeploymentPostprocessing = 0;
		};
/* End PBXFrameworksBuildPhase section */

/* Begin PBXGroup section */
		0ED7E563CF2CD86B8C9914F5 /* Pods */ = {
			isa = PBXGroup;
			children = (
				2C9C7EBC239FBCB200DE4071 /* Products */,
				F766CECEAB3039B03E54DDAA /* Pods-ASDKSample.debug.xcconfig */,
				F81D3060AC7698D20867DD17 /* Pods-ASDKSample.release.xcconfig */,
				1C08A5F54992F8812B380E47 /* Pods-ASDKSampleUITests.debug.xcconfig */,
				A1500B64F1EB0C0EC0D7A1CE /* Pods-ASDKSampleUITests.release.xcconfig */,
			);
			path = Pods;
			sourceTree = "<group>";
		};
		2C4D782623F3EF68003A355D /* ProductDetail */ = {
			isa = PBXGroup;
			children = (
				2C4683FC247258BC0067DA48 /* BuyProductsViewController.swift */,
				2CAEC1A3246D20F20052E07C /* SwitchTableViewCell.swift */,
				2CAEC1A2246D20F20052E07C /* SwitchTableViewCell.xib */,
				2CAE6DE124628FD200F48739 /* ButtonTableViewCell.swift */,
				2CAE6DE024628FD200F48739 /* ButtonTableViewCell.xib */,
			);
			name = ProductDetail;
			sourceTree = "<group>";
		};
		2C4D782C23F4207A003A355D /* Settings */ = {
			isa = PBXGroup;
			children = (
				2CD7522024A36D0C005FA56C /* RebuildCardList */,
				2C6560812476D18800DEA4A9 /* SegmentedTabeViewCell.swift */,
				2C6560822476D18800DEA4A9 /* SegmentedTabeViewCell.xib */,
				2C4D782D23F42090003A355D /* SettingsTableViewController.swift */,
				B1D01A0F28F5731C00D429F4 /* AppSetting.swift */,
			);
			name = Settings;
			sourceTree = "<group>";
		};
		2C9C7EB2239FBCB200DE4071 = {
			isa = PBXGroup;
			children = (
				2C9C7EBD239FBCB200DE4071 /* ASDKSample */,
				B18F3A7D2A164565004E153B /* ASDKSampleTests */,
				0ED7E563CF2CD86B8C9914F5 /* Pods */,
				F7D00F0D2A6932D600B68B6F /* ASDKSampleUITests */,
				57622A602C9DDE929C6B40CF /* Frameworks */,
			);
			sourceTree = "<group>";
		};
		2C9C7EBC239FBCB200DE4071 /* Products */ = {
			isa = PBXGroup;
			children = (
				2C9C7EBB239FBCB200DE4071 /* ASDKSample.app */,
				B18F3A7C2A164565004E153B /* ASDKSampleTests.xctest */,
				F7D00F0C2A6932D600B68B6F /* ASDKSampleUITests.xctest */,
			);
			name = Products;
			path = ..;
			sourceTree = "<group>";
		};
		2C9C7EBD239FBCB200DE4071 /* ASDKSample */ = {
			isa = PBXGroup;
			children = (
				A87513EC2979A32900FCD98A /* CHANGELOG.md */,
				A87513882971CD6100FCD98A /* PROJECT_RULES.md */,
				B1347FFF28F5B5AB00CB88FF /* App */,
				B1347FFE28F5B59700CB88FF /* Extensions */,
				B1347FFD28F5B57600CB88FF /* Protocols */,
				B1347FFC28F5B56700CB88FF /* TableCells */,
				B1347FFB28F5B54C00CB88FF /* Views */,
				B1419C4828D46AB2005C61DE /* Resources */,
				2C9C7EC2239FBCB200DE4071 /* RootViewController.swift */,
				B1A4EDD628F3FB38004D0C99 /* Creds */,
				2CA7764A2451AA8E0078AEB3 /* About */,
				2C4D782C23F4207A003A355D /* Settings */,
				2C4D782623F3EF68003A355D /* ProductDetail */,
				2CA0206A23F2D1D000C2AB0E /* Cart */,
				2CA776512451AB270078AEB3 /* Utils */,
			);
			path = ASDKSample;
			sourceTree = "<group>";
		};
		2CA0206A23F2D1D000C2AB0E /* Cart */ = {
			isa = PBXGroup;
			children = (
				2CA0205E23F2C01500C2AB0E /* CartTableViewController.swift */,
				2CA0206623F2CF8700C2AB0E /* CartBuyButtonView.swift */,
				2CA0206823F2CFB100C2AB0E /* CartBuyButtonView.xib */,
				2CA0206B23F2D1F400C2AB0E /* CartEmptyTableViewCell.swift */,
				2CA0206C23F2D1F400C2AB0E /* CartEmptyTableViewCell.xib */,
			);
			name = Cart;
			sourceTree = "<group>";
		};
		2CA7764A2451AA8E0078AEB3 /* About */ = {
			isa = PBXGroup;
			children = (
				2C06D08923F1492C006FC588 /* AboutViewController.swift */,
			);
			name = About;
			sourceTree = "<group>";
		};
		2CA776512451AB270078AEB3 /* Utils */ = {
			isa = PBXGroup;
			children = (
				B1D01A1328F5AE6000D429F4 /* SdkAssembly.swift */,
				2CA0206023F2C2B600C2AB0E /* Utils.swift */,
				576E765229769FB1009AF5E2 /* UIAlertController+CardScannerMock.swift */,
				57EEFB8928F409A300809488 /* StageTestData.swift */,
				57EEFB8E28F486C200809488 /* SampleTokenProvider.swift */,
				57EEFB9128F544D500809488 /* SHA256.swift */,
				2CA0206423F2CE5700C2AB0E /* UIUtils.swift */,
			);
			name = Utils;
			sourceTree = "<group>";
		};
		2CD7522024A36D0C005FA56C /* RebuildCardList */ = {
			isa = PBXGroup;
			children = (
				2CD7522124A36D19005FA56C /* RebuildCardTableViewCell.swift */,
				2CD7522224A36D19005FA56C /* RebuildCardTableViewCell.xib */,
				2CD7522324A36D19005FA56C /* SelectRebuildCardViewController.swift */,
			);
			name = RebuildCardList;
			sourceTree = "<group>";
		};
		57622A602C9DDE929C6B40CF /* Frameworks */ = {
			isa = PBXGroup;
			children = (
				2CB4749B246EAC890000509E /* AudioToolbox.framework */,
				2C2F7B8C2451726F008A2415 /* WebKit.framework */,
				0C0515196236F7F45BACBF2A /* Pods_ASDKSample.framework */,
				0E909AB9C916C3680032502D /* Pods_ASDKSampleUITests.framework */,
			);
			name = Frameworks;
			sourceTree = "<group>";
		};
		B1347FFB28F5B54C00CB88FF /* Views */ = {
			isa = PBXGroup;
			children = (
				B1A4EDDE28F3FD4B004D0C99 /* HorizontalTitleSwitchView.swift */,
				B1A4EDE028F3FD73004D0C99 /* VerticalEditableView.swift */,
				B1A4EDE228F3FD86004D0C99 /* CredentialsView.swift */,
				B1D01A1128F5A20800D429F4 /* JustButton.swift */,
			);
			name = Views;
			sourceTree = "<group>";
		};
		B1347FFC28F5B56700CB88FF /* TableCells */ = {
			isa = PBXGroup;
			children = (
				B1A4EDDC28F3FCB0004D0C99 /* GenericTableCell.swift */,
				57DE3DF62934ED2C00FD6F1B /* ContainerTableViewCell.swift */,
			);
			name = TableCells;
			sourceTree = "<group>";
		};
		B1347FFD28F5B57600CB88FF /* Protocols */ = {
			isa = PBXGroup;
			children = (
				B1A4EDDA28F3FC2C004D0C99 /* ViewProtocols.swift */,
			);
			name = Protocols;
			sourceTree = "<group>";
		};
		B1347FFE28F5B59700CB88FF /* Extensions */ = {
			isa = PBXGroup;
			children = (
				B121157A28EED63D007C6543 /* CGFloat+Ext.swift */,
				B156F90B28F0440000ABABDD /* UIEdgeInsets+Ext.swift */,
				B156F90D28F06B3700ABABDD /* UIView+Ext.swift */,
				B1C97B7728F46E4000DC007B /* UIImage+Ext.swift */,
				B1DB0699295AD5DB006C9DAF /* UIAlertController+Ext.swift */,
				B1AC71B82A680AE500A0FCD5 /* TdsSdkInterface+Ext.swift */,
				57D1C5C52975A9B900C6D1CA /* UITableView+Utils.swift */,
				B1AC71B62A6802C700A0FCD5 /* UIColor+Ext.swift */,
			);
			name = Extensions;
			sourceTree = "<group>";
		};
		B1347FFF28F5B5AB00CB88FF /* App */ = {
			isa = PBXGroup;
			children = (
				2C9C7EBE239FBCB200DE4071 /* AppDelegate.swift */,
			);
			name = App;
			sourceTree = "<group>";
		};
		B1419C4828D46AB2005C61DE /* Resources */ = {
			isa = PBXGroup;
			children = (
				2CFEEE07246EA4910009E633 /* InfoPlist.strings */,
				2CAE6DE92462A38200F48739 /* ASDKSampleDebug.entitlements */,
				2C9C7ECC239FBCB400DE4071 /* Info.plist */,
				B1419C4928D46AB2005C61DE /* Generated */,
				B1419C4A28D46AB2005C61DE /* Strings */,
				B1419C4E28D46AB2005C61DE /* Assets.xcassets */,
				B1419C4F28D46AB2005C61DE /* LaunchScreen.storyboard */,
				B1419C5128D46AB2005C61DE /* Main.storyboard */,
			);
			path = Resources;
			sourceTree = "<group>";
		};
		B1419C4928D46AB2005C61DE /* Generated */ = {
			isa = PBXGroup;
			children = (
				B1419C5828D46D96005C61DE /* Assets+Generated.swift */,
				B1419C5728D46D96005C61DE /* Strings+Generated.swift */,
			);
			path = Generated;
			sourceTree = "<group>";
		};
		B1419C4A28D46AB2005C61DE /* Strings */ = {
			isa = PBXGroup;
			children = (
				B1419C4B28D46AB2005C61DE /* Localizable.strings */,
			);
			path = Strings;
			sourceTree = "<group>";
		};
		B18F3A7D2A164565004E153B /* ASDKSampleTests */ = {
			isa = PBXGroup;
			children = (
				B1AE347B2A17AC4400B31257 /* Tests */,
				B1AE347A2A17AC2F00B31257 /* Infrastructure */,
				B1AE34782A17AB8C00B31257 /* ASDKSampleTests-EN.xctestplan */,
				B1AE34792A17ABD900B31257 /* ASDKSampleTests-RU.xctestplan */,
				B16DA1D52A1B96310046D04A /* README_SNAPSHOT_TESTS.md */,
			);
			path = ASDKSampleTests;
			sourceTree = "<group>";
		};
		B1A4EDD628F3FB38004D0C99 /* Creds */ = {
			isa = PBXGroup;
			children = (
				B121157828EEBEB0007C6543 /* EditSdkCredentialsViewController.swift */,
			);
			name = Creds;
			sourceTree = "<group>";
		};
		B1AE347A2A17AC2F00B31257 /* Infrastructure */ = {
			isa = PBXGroup;
			children = (
				B1AE347F2A17AC9400B31257 /* YandexPayHelper.swift */,
				B1F10E192A1CF0BE00B34171 /* SampleTestsHelper.swift */,
			);
			path = Infrastructure;
			sourceTree = "<group>";
		};
		B1AE347B2A17AC4400B31257 /* Tests */ = {
			isa = PBXGroup;
			children = (
				B1AE34852A17AFF800B31257 /* Snapshots */,
			);
			path = Tests;
			sourceTree = "<group>";
		};
		B1AE347C2A17AC4B00B31257 /* RU */ = {
			isa = PBXGroup;
			children = (
				B1AE34832A17ACDB00B31257 /* YandexPayButtonTestsRU.swift */,
				B1F10E172A1CEF9200B34171 /* YandexPayPaymentSheetTestsRU.swift */,
				5C107B1A2A272E47002BA8A0 /* TinkoffPaySheetTestsRU.swift */,
				B116E88C2A2762E600860DD6 /* AddCardTestsRU.swift */,
				B116E8912A276B0D00860DD6 /* CardFieldViewTestsRU.swift */,
			);
			path = RU;
			sourceTree = "<group>";
		};
		B1AE347D2A17AC5400B31257 /* EN */ = {
			isa = PBXGroup;
			children = (
				B1AE34812A17ACBA00B31257 /* YandexPayButtonTestsEN.swift */,
			);
			path = EN;
			sourceTree = "<group>";
		};
		B1AE34852A17AFF800B31257 /* Snapshots */ = {
			isa = PBXGroup;
			children = (
				B1AE347C2A17AC4B00B31257 /* RU */,
				B1AE347D2A17AC5400B31257 /* EN */,
			);
			path = Snapshots;
			sourceTree = "<group>";
		};
		F7D00F0D2A6932D600B68B6F /* ASDKSampleUITests */ = {
			isa = PBXGroup;
			children = (
				F7D00F632A696B7300B68B6F /* PageObjects */,
				F7D00F552A69669800B68B6F /* Utils */,
				F7D00F542A69668A00B68B6F /* Tests */,
				F7D00F0E2A6932D600B68B6F /* ASDKSampleUITests.swift */,
			);
			path = ASDKSampleUITests;
			sourceTree = "<group>";
		};
		F7D00F542A69668A00B68B6F /* Tests */ = {
			isa = PBXGroup;
			children = (
				F7D00F662A69ADB100B68B6F /* BaseUITest.swift */,
			);
			path = Tests;
			sourceTree = "<group>";
		};
		F7D00F552A69669800B68B6F /* Utils */ = {
			isa = PBXGroup;
			children = (
				F7D00F592A69671C00B68B6F /* Extensions */,
				F7D00F682A69AEC200B68B6F /* ApplicationHolder.swift */,
			);
			path = Utils;
			sourceTree = "<group>";
		};
		F7D00F562A6966A200B68B6F /* XCUIElement */ = {
			isa = PBXGroup;
			children = (
				F7D00F572A6966CF00B68B6F /* XCUIElement+Wait.swift */,
				F7D00F5E2A696A2900B68B6F /* XCUIElement+ScrollToElement.swift */,
			);
			path = XCUIElement;
			sourceTree = "<group>";
		};
		F7D00F592A69671C00B68B6F /* Extensions */ = {
			isa = PBXGroup;
			children = (
				F7D00F602A696A6100B68B6F /* XCTestCase */,
				F7D00F5A2A69675700B68B6F /* Foundation */,
				F7D00F562A6966A200B68B6F /* XCUIElement */,
			);
			path = Extensions;
			sourceTree = "<group>";
		};
		F7D00F5A2A69675700B68B6F /* Foundation */ = {
			isa = PBXGroup;
			children = (
				F7D00F5B2A69676D00B68B6F /* TimeInterval */,
			);
			path = Foundation;
			sourceTree = "<group>";
		};
		F7D00F5B2A69676D00B68B6F /* TimeInterval */ = {
			isa = PBXGroup;
			children = (
				F7D00F5C2A69678700B68B6F /* TimeInterval+Utils.swift */,
			);
			path = TimeInterval;
			sourceTree = "<group>";
		};
		F7D00F602A696A6100B68B6F /* XCTestCase */ = {
			isa = PBXGroup;
			children = (
				F7D00F612A696A7800B68B6F /* XCTestCase+AllureId.swift */,
			);
			path = XCTestCase;
			sourceTree = "<group>";
		};
		F7D00F632A696B7300B68B6F /* PageObjects */ = {
			isa = PBXGroup;
			children = (
				F7D00F642A696B9200B68B6F /* BasePage.swift */,
			);
			path = PageObjects;
			sourceTree = "<group>";
		};
/* End PBXGroup section */

/* Begin PBXNativeTarget section */
		2C9C7EBA239FBCB200DE4071 /* ASDKSample */ = {
			isa = PBXNativeTarget;
			buildConfigurationList = 2C9C7EE5239FBCB400DE4071 /* Build configuration list for PBXNativeTarget "ASDKSample" */;
			buildPhases = (
				6CFAB7742899CF1424BA2DC0 /* [CP] Check Pods Manifest.lock */,
				B192738228D86A7500BD28DF /* SwiftFormat */,
				B1A1021528D469DB0097664B /* SwiftGen [Sample] */,
				B1353C3E28D462CD00823729 /* SwiftGen [TinkoffASDKCore] */,
				B126457F28C5EE7900DBC580 /* SwiftGen [TinkoffASDKUI] */,
				D7F4A4E825558AE900A8AD95 /* SwiftLint */,
				2C9C7EB7239FBCB200DE4071 /* Sources */,
				2C9C7EB8239FBCB200DE4071 /* Frameworks */,
				2C9C7EB9239FBCB200DE4071 /* Resources */,
				F09863582217055B0E8545CE /* [CP] Embed Pods Frameworks */,
				F1B3AECA8B43A61A9D3FB9D4 /* [CP] Copy Pods Resources */,
			);
			buildRules = (
			);
			dependencies = (
			);
			name = ASDKSample;
			productName = ASDKSample;
			productReference = 2C9C7EBB239FBCB200DE4071 /* ASDKSample.app */;
			productType = "com.apple.product-type.application";
		};
		B18F3A7B2A164565004E153B /* ASDKSampleTests */ = {
			isa = PBXNativeTarget;
			buildConfigurationList = B18F3A842A164565004E153B /* Build configuration list for PBXNativeTarget "ASDKSampleTests" */;
			buildPhases = (
				B18F3A782A164565004E153B /* Sources */,
				B18F3A792A164565004E153B /* Frameworks */,
				B18F3A7A2A164565004E153B /* Resources */,
			);
			buildRules = (
			);
			dependencies = (
				B18F3A812A164565004E153B /* PBXTargetDependency */,
			);
			name = ASDKSampleTests;
			packageProductDependencies = (
				B18F3A862A1645DA004E153B /* SnapshotTesting */,
			);
			productName = ASDKSampleTests;
			productReference = B18F3A7C2A164565004E153B /* ASDKSampleTests.xctest */;
			productType = "com.apple.product-type.bundle.unit-test";
		};
		F7D00F0B2A6932D600B68B6F /* ASDKSampleUITests */ = {
			isa = PBXNativeTarget;
			buildConfigurationList = F7D00F162A6932D600B68B6F /* Build configuration list for PBXNativeTarget "ASDKSampleUITests" */;
			buildPhases = (
				A411E6053E6DC71108DBE738 /* [CP] Check Pods Manifest.lock */,
				F7D00F082A6932D600B68B6F /* Sources */,
				F7D00F092A6932D600B68B6F /* Frameworks */,
				F7D00F0A2A6932D600B68B6F /* Resources */,
			);
			buildRules = (
			);
			dependencies = (
				F7D00F132A6932D600B68B6F /* PBXTargetDependency */,
			);
			name = ASDKSampleUITests;
			productName = ASDKSampleUITests;
			productReference = F7D00F0C2A6932D600B68B6F /* ASDKSampleUITests.xctest */;
			productType = "com.apple.product-type.bundle.ui-testing";
		};
/* End PBXNativeTarget section */

/* Begin PBXProject section */
		2C9C7EB3239FBCB200DE4071 /* Project object */ = {
			isa = PBXProject;
			attributes = {
				LastSwiftUpdateCheck = 1410;
				LastUpgradeCheck = 1340;
				ORGANIZATIONNAME = Tinkoff;
				TargetAttributes = {
					2C9C7EBA239FBCB200DE4071 = {
						CreatedOnToolsVersion = 11.2.1;
					};
					B18F3A7B2A164565004E153B = {
						CreatedOnToolsVersion = 14.1;
						TestTargetID = 2C9C7EBA239FBCB200DE4071;
					};
					F7D00F0B2A6932D600B68B6F = {
						CreatedOnToolsVersion = 14.1;
						TestTargetID = 2C9C7EBA239FBCB200DE4071;
					};
				};
			};
			buildConfigurationList = 2C9C7EB6239FBCB200DE4071 /* Build configuration list for PBXProject "ASDKSample" */;
			compatibilityVersion = "Xcode 9.3";
			developmentRegion = en;
			hasScannedForEncodings = 0;
			knownRegions = (
				en,
				Base,
				ru,
			);
			mainGroup = 2C9C7EB2239FBCB200DE4071;
			packageReferences = (
				B18F3A852A1645DA004E153B /* XCRemoteSwiftPackageReference "swift-snapshot-testing" */,
			);
			productRefGroup = 2C9C7EBC239FBCB200DE4071 /* Products */;
			projectDirPath = "";
			projectRoot = "";
			targets = (
				2C9C7EBA239FBCB200DE4071 /* ASDKSample */,
				B18F3A7B2A164565004E153B /* ASDKSampleTests */,
				F7D00F0B2A6932D600B68B6F /* ASDKSampleUITests */,
			);
		};
/* End PBXProject section */

/* Begin PBXResourcesBuildPhase section */
		2C9C7EB9239FBCB200DE4071 /* Resources */ = {
			isa = PBXResourcesBuildPhase;
			buildActionMask = 2147483647;
			files = (
				A87513892971CD6100FCD98A /* PROJECT_RULES.md in Resources */,
				2CA0206E23F2D1F400C2AB0E /* CartEmptyTableViewCell.xib in Resources */,
				B1419C5328D46AB2005C61DE /* Localizable.strings in Resources */,
				2CA0206923F2CFB100C2AB0E /* CartBuyButtonView.xib in Resources */,
				2CAE6DE224628FD200F48739 /* ButtonTableViewCell.xib in Resources */,
				B1419C5628D46AB2005C61DE /* Main.storyboard in Resources */,
				B1419C5428D46AB2005C61DE /* Assets.xcassets in Resources */,
				2CD7522524A36D19005FA56C /* RebuildCardTableViewCell.xib in Resources */,
				2CAEC1A4246D20F20052E07C /* SwitchTableViewCell.xib in Resources */,
				A87513ED2979A32900FCD98A /* CHANGELOG.md in Resources */,
				2C6560842476D18800DEA4A9 /* SegmentedTabeViewCell.xib in Resources */,
				B1419C5528D46AB2005C61DE /* LaunchScreen.storyboard in Resources */,
				2CFEEE08246EA4910009E633 /* InfoPlist.strings in Resources */,
			);
			runOnlyForDeploymentPostprocessing = 0;
		};
		B18F3A7A2A164565004E153B /* Resources */ = {
			isa = PBXResourcesBuildPhase;
			buildActionMask = 2147483647;
			files = (
				B16DA1D62A1B96310046D04A /* README_SNAPSHOT_TESTS.md in Resources */,
			);
			runOnlyForDeploymentPostprocessing = 0;
		};
		F7D00F0A2A6932D600B68B6F /* Resources */ = {
			isa = PBXResourcesBuildPhase;
			buildActionMask = 2147483647;
			files = (
			);
			runOnlyForDeploymentPostprocessing = 0;
		};
/* End PBXResourcesBuildPhase section */

/* Begin PBXShellScriptBuildPhase section */
		6CFAB7742899CF1424BA2DC0 /* [CP] Check Pods Manifest.lock */ = {
			isa = PBXShellScriptBuildPhase;
			buildActionMask = 2147483647;
			files = (
			);
			inputFileListPaths = (
			);
			inputPaths = (
				"${PODS_PODFILE_DIR_PATH}/Podfile.lock",
				"${PODS_ROOT}/Manifest.lock",
			);
			name = "[CP] Check Pods Manifest.lock";
			outputFileListPaths = (
			);
			outputPaths = (
				"$(DERIVED_FILE_DIR)/Pods-ASDKSample-checkManifestLockResult.txt",
			);
			runOnlyForDeploymentPostprocessing = 0;
			shellPath = /bin/sh;
			shellScript = "diff \"${PODS_PODFILE_DIR_PATH}/Podfile.lock\" \"${PODS_ROOT}/Manifest.lock\" > /dev/null\nif [ $? != 0 ] ; then\n    # print error to STDERR\n    echo \"error: The sandbox is not in sync with the Podfile.lock. Run 'pod install' or update your CocoaPods installation.\" >&2\n    exit 1\nfi\n# This output is used by Xcode 'outputs' to avoid re-running this script phase.\necho \"SUCCESS\" > \"${SCRIPT_OUTPUT_FILE_0}\"\n";
			showEnvVarsInLog = 0;
		};
		A411E6053E6DC71108DBE738 /* [CP] Check Pods Manifest.lock */ = {
			isa = PBXShellScriptBuildPhase;
			buildActionMask = 2147483647;
			files = (
			);
			inputFileListPaths = (
			);
			inputPaths = (
				"${PODS_PODFILE_DIR_PATH}/Podfile.lock",
				"${PODS_ROOT}/Manifest.lock",
			);
			name = "[CP] Check Pods Manifest.lock";
			outputFileListPaths = (
			);
			outputPaths = (
				"$(DERIVED_FILE_DIR)/Pods-ASDKSampleUITests-checkManifestLockResult.txt",
			);
			runOnlyForDeploymentPostprocessing = 0;
			shellPath = /bin/sh;
			shellScript = "diff \"${PODS_PODFILE_DIR_PATH}/Podfile.lock\" \"${PODS_ROOT}/Manifest.lock\" > /dev/null\nif [ $? != 0 ] ; then\n    # print error to STDERR\n    echo \"error: The sandbox is not in sync with the Podfile.lock. Run 'pod install' or update your CocoaPods installation.\" >&2\n    exit 1\nfi\n# This output is used by Xcode 'outputs' to avoid re-running this script phase.\necho \"SUCCESS\" > \"${SCRIPT_OUTPUT_FILE_0}\"\n";
			showEnvVarsInLog = 0;
		};
		B126457F28C5EE7900DBC580 /* SwiftGen [TinkoffASDKUI] */ = {
			isa = PBXShellScriptBuildPhase;
			alwaysOutOfDate = 1;
			buildActionMask = 2147483647;
			files = (
			);
			inputFileListPaths = (
			);
			inputPaths = (
			);
			name = "SwiftGen [TinkoffASDKUI]";
			outputFileListPaths = (
			);
			outputPaths = (
			);
			runOnlyForDeploymentPostprocessing = 0;
			shellPath = /bin/sh;
			shellScript = "cd \"../TinkoffASDKUI\"\n\"$PODS_ROOT/SwiftGen/bin/swiftgen\"\n";
		};
		B1353C3E28D462CD00823729 /* SwiftGen [TinkoffASDKCore] */ = {
			isa = PBXShellScriptBuildPhase;
			alwaysOutOfDate = 1;
			buildActionMask = 2147483647;
			files = (
			);
			inputFileListPaths = (
			);
			inputPaths = (
			);
			name = "SwiftGen [TinkoffASDKCore]";
			outputFileListPaths = (
			);
			outputPaths = (
			);
			runOnlyForDeploymentPostprocessing = 0;
			shellPath = /bin/sh;
			shellScript = "cd \"../TinkoffASDKCore\"\n\"$PODS_ROOT/SwiftGen/bin/swiftgen\"\n";
		};
		B192738228D86A7500BD28DF /* SwiftFormat */ = {
			isa = PBXShellScriptBuildPhase;
			alwaysOutOfDate = 1;
			buildActionMask = 2147483647;
			files = (
			);
			inputFileListPaths = (
			);
			inputPaths = (
			);
			name = SwiftFormat;
			outputFileListPaths = (
			);
			outputPaths = (
			);
			runOnlyForDeploymentPostprocessing = 0;
			shellPath = /bin/sh;
			shellScript = " \"${PODS_ROOT}/SwiftFormat/CommandLineTool/swiftformat\" .. --config \"../.swiftformat\"\n";
		};
		B1A1021528D469DB0097664B /* SwiftGen [Sample] */ = {
			isa = PBXShellScriptBuildPhase;
			alwaysOutOfDate = 1;
			buildActionMask = 2147483647;
			files = (
			);
			inputFileListPaths = (
			);
			inputPaths = (
			);
			name = "SwiftGen [Sample]";
			outputFileListPaths = (
			);
			outputPaths = (
			);
			runOnlyForDeploymentPostprocessing = 0;
			shellPath = /bin/sh;
			shellScript = "\"$PODS_ROOT/SwiftGen/bin/swiftgen\"\n";
		};
		D7F4A4E825558AE900A8AD95 /* SwiftLint */ = {
			isa = PBXShellScriptBuildPhase;
			alwaysOutOfDate = 1;
			buildActionMask = 2147483647;
			files = (
			);
			inputFileListPaths = (
			);
			inputPaths = (
			);
			name = SwiftLint;
			outputFileListPaths = (
			);
			outputPaths = (
			);
			runOnlyForDeploymentPostprocessing = 0;
			shellPath = /bin/sh;
			shellScript = "\"${PODS_ROOT}/SwiftLint/swiftlint\"\n";
		};
		F09863582217055B0E8545CE /* [CP] Embed Pods Frameworks */ = {
			isa = PBXShellScriptBuildPhase;
			buildActionMask = 2147483647;
			files = (
			);
			inputFileListPaths = (
				"${PODS_ROOT}/Target Support Files/Pods-ASDKSample/Pods-ASDKSample-frameworks-${CONFIGURATION}-input-files.xcfilelist",
			);
			name = "[CP] Embed Pods Frameworks";
			outputFileListPaths = (
				"${PODS_ROOT}/Target Support Files/Pods-ASDKSample/Pods-ASDKSample-frameworks-${CONFIGURATION}-output-files.xcfilelist",
			);
			runOnlyForDeploymentPostprocessing = 0;
			shellPath = /bin/sh;
			shellScript = "\"${PODS_ROOT}/Target Support Files/Pods-ASDKSample/Pods-ASDKSample-frameworks.sh\"\n";
			showEnvVarsInLog = 0;
		};
		F1B3AECA8B43A61A9D3FB9D4 /* [CP] Copy Pods Resources */ = {
			isa = PBXShellScriptBuildPhase;
			buildActionMask = 2147483647;
			files = (
			);
			inputFileListPaths = (
				"${PODS_ROOT}/Target Support Files/Pods-ASDKSample/Pods-ASDKSample-resources-${CONFIGURATION}-input-files.xcfilelist",
			);
			name = "[CP] Copy Pods Resources";
			outputFileListPaths = (
				"${PODS_ROOT}/Target Support Files/Pods-ASDKSample/Pods-ASDKSample-resources-${CONFIGURATION}-output-files.xcfilelist",
			);
			runOnlyForDeploymentPostprocessing = 0;
			shellPath = /bin/sh;
			shellScript = "\"${PODS_ROOT}/Target Support Files/Pods-ASDKSample/Pods-ASDKSample-resources.sh\"\n";
			showEnvVarsInLog = 0;
		};
/* End PBXShellScriptBuildPhase section */

/* Begin PBXSourcesBuildPhase section */
		2C9C7EB7239FBCB200DE4071 /* Sources */ = {
			isa = PBXSourcesBuildPhase;
			buildActionMask = 2147483647;
			files = (
				B1A4EDE128F3FD73004D0C99 /* VerticalEditableView.swift in Sources */,
				B1DB069A295AD5DB006C9DAF /* UIAlertController+Ext.swift in Sources */,
				2C06D08B23F1492C006FC588 /* AboutViewController.swift in Sources */,
				B1419C5928D46D96005C61DE /* Strings+Generated.swift in Sources */,
				2C9C7EC3239FBCB200DE4071 /* RootViewController.swift in Sources */,
				2CAE6DE324628FD200F48739 /* ButtonTableViewCell.swift in Sources */,
				2CA0206D23F2D1F400C2AB0E /* CartEmptyTableViewCell.swift in Sources */,
				B1A4EDDD28F3FCB0004D0C99 /* GenericTableCell.swift in Sources */,
				B1C97B7828F46E4000DC007B /* UIImage+Ext.swift in Sources */,
				B1A4EDDB28F3FC2C004D0C99 /* ViewProtocols.swift in Sources */,
				B1D01A1028F5731C00D429F4 /* AppSetting.swift in Sources */,
				57D1C5C62975A9B900C6D1CA /* UITableView+Utils.swift in Sources */,
				576E765329769FB1009AF5E2 /* UIAlertController+CardScannerMock.swift in Sources */,
				B1AC71B92A680AE500A0FCD5 /* TdsSdkInterface+Ext.swift in Sources */,
				B1AC71B72A6802C700A0FCD5 /* UIColor+Ext.swift in Sources */,
				2C4D782E23F42090003A355D /* SettingsTableViewController.swift in Sources */,
				57EEFB8F28F486C200809488 /* SampleTokenProvider.swift in Sources */,
				2C9C7EBF239FBCB200DE4071 /* AppDelegate.swift in Sources */,
				2CA0206723F2CF8700C2AB0E /* CartBuyButtonView.swift in Sources */,
				2CD7522624A36D19005FA56C /* SelectRebuildCardViewController.swift in Sources */,
				2CA0206523F2CE5700C2AB0E /* UIUtils.swift in Sources */,
				B156F90E28F06B3700ABABDD /* UIView+Ext.swift in Sources */,
				B1D01A1428F5AE6000D429F4 /* SdkAssembly.swift in Sources */,
				57DE3DF72934ED2C00FD6F1B /* ContainerTableViewCell.swift in Sources */,
				B1A4EDDF28F3FD4B004D0C99 /* HorizontalTitleSwitchView.swift in Sources */,
				2C6560832476D18800DEA4A9 /* SegmentedTabeViewCell.swift in Sources */,
				2CAEC1A5246D20F20052E07C /* SwitchTableViewCell.swift in Sources */,
				2CA0205F23F2C01500C2AB0E /* CartTableViewController.swift in Sources */,
				B1A4EDE328F3FD86004D0C99 /* CredentialsView.swift in Sources */,
				B121157B28EED63D007C6543 /* CGFloat+Ext.swift in Sources */,
				2CA0206123F2C2B600C2AB0E /* Utils.swift in Sources */,
				2C4683FD247258BC0067DA48 /* BuyProductsViewController.swift in Sources */,
				B121157928EEBEB0007C6543 /* EditSdkCredentialsViewController.swift in Sources */,
				2CD7522424A36D19005FA56C /* RebuildCardTableViewCell.swift in Sources */,
				57EEFB8A28F409A300809488 /* StageTestData.swift in Sources */,
				B1419C5A28D46D96005C61DE /* Assets+Generated.swift in Sources */,
				57EEFB9228F544D500809488 /* SHA256.swift in Sources */,
				B156F90C28F0440000ABABDD /* UIEdgeInsets+Ext.swift in Sources */,
				B1D01A1228F5A20800D429F4 /* JustButton.swift in Sources */,
			);
			runOnlyForDeploymentPostprocessing = 0;
		};
		B18F3A782A164565004E153B /* Sources */ = {
			isa = PBXSourcesBuildPhase;
			buildActionMask = 2147483647;
			files = (
				B116E88D2A2762E600860DD6 /* AddCardTestsRU.swift in Sources */,
				B1F10E1A2A1CF0BE00B34171 /* SampleTestsHelper.swift in Sources */,
				B1F10E182A1CEF9200B34171 /* YandexPayPaymentSheetTestsRU.swift in Sources */,
				B116E8922A276B0D00860DD6 /* CardFieldViewTestsRU.swift in Sources */,
				B1AE34822A17ACBA00B31257 /* YandexPayButtonTestsEN.swift in Sources */,
				B1AE34842A17ACDB00B31257 /* YandexPayButtonTestsRU.swift in Sources */,
				5C107B1B2A272E47002BA8A0 /* TinkoffPaySheetTestsRU.swift in Sources */,
				B1AE34802A17AC9400B31257 /* YandexPayHelper.swift in Sources */,
			);
			runOnlyForDeploymentPostprocessing = 0;
		};
		F7D00F082A6932D600B68B6F /* Sources */ = {
			isa = PBXSourcesBuildPhase;
			buildActionMask = 2147483647;
			files = (
				F7D00F0F2A6932D600B68B6F /* ASDKSampleUITests.swift in Sources */,
				F7D00F652A696B9200B68B6F /* BasePage.swift in Sources */,
				F7D00F582A6966CF00B68B6F /* XCUIElement+Wait.swift in Sources */,
				F7D00F622A696A7800B68B6F /* XCTestCase+AllureId.swift in Sources */,
				F7D00F692A69AEC200B68B6F /* ApplicationHolder.swift in Sources */,
				F7D00F672A69ADB100B68B6F /* BaseUITest.swift in Sources */,
				F7D00F5F2A696A2900B68B6F /* XCUIElement+ScrollToElement.swift in Sources */,
				F7D00F5D2A69678700B68B6F /* TimeInterval+Utils.swift in Sources */,
			);
			runOnlyForDeploymentPostprocessing = 0;
		};
/* End PBXSourcesBuildPhase section */

/* Begin PBXTargetDependency section */
		B18F3A812A164565004E153B /* PBXTargetDependency */ = {
			isa = PBXTargetDependency;
			target = 2C9C7EBA239FBCB200DE4071 /* ASDKSample */;
			targetProxy = B18F3A802A164565004E153B /* PBXContainerItemProxy */;
		};
		F7D00F132A6932D600B68B6F /* PBXTargetDependency */ = {
			isa = PBXTargetDependency;
			target = 2C9C7EBA239FBCB200DE4071 /* ASDKSample */;
			targetProxy = F7D00F122A6932D600B68B6F /* PBXContainerItemProxy */;
		};
/* End PBXTargetDependency section */

/* Begin PBXVariantGroup section */
		B1419C4B28D46AB2005C61DE /* Localizable.strings */ = {
			isa = PBXVariantGroup;
			children = (
				B1419C4C28D46AB2005C61DE /* en */,
				B1419C4D28D46AB2005C61DE /* ru */,
			);
			name = Localizable.strings;
			sourceTree = "<group>";
		};
		B1419C4F28D46AB2005C61DE /* LaunchScreen.storyboard */ = {
			isa = PBXVariantGroup;
			children = (
				B1419C5028D46AB2005C61DE /* Base */,
			);
			name = LaunchScreen.storyboard;
			sourceTree = "<group>";
		};
		B1419C5128D46AB2005C61DE /* Main.storyboard */ = {
			isa = PBXVariantGroup;
			children = (
				B1419C5228D46AB2005C61DE /* Base */,
			);
			name = Main.storyboard;
			sourceTree = "<group>";
		};
/* End PBXVariantGroup section */

/* Begin XCBuildConfiguration section */
		2C9C7EE3239FBCB400DE4071 /* Debug */ = {
			isa = XCBuildConfiguration;
			buildSettings = {
				ALWAYS_SEARCH_USER_PATHS = NO;
				CLANG_ANALYZER_LOCALIZABILITY_NONLOCALIZED = YES;
				CLANG_ANALYZER_NONNULL = YES;
				CLANG_ANALYZER_NUMBER_OBJECT_CONVERSION = YES_AGGRESSIVE;
				CLANG_CXX_LANGUAGE_STANDARD = "gnu++14";
				CLANG_CXX_LIBRARY = "libc++";
				CLANG_ENABLE_MODULES = YES;
				CLANG_ENABLE_OBJC_ARC = YES;
				CLANG_ENABLE_OBJC_WEAK = YES;
				CLANG_WARN_BLOCK_CAPTURE_AUTORELEASING = YES;
				CLANG_WARN_BOOL_CONVERSION = YES;
				CLANG_WARN_COMMA = YES;
				CLANG_WARN_CONSTANT_CONVERSION = YES;
				CLANG_WARN_DEPRECATED_OBJC_IMPLEMENTATIONS = YES;
				CLANG_WARN_DIRECT_OBJC_ISA_USAGE = YES_ERROR;
				CLANG_WARN_DOCUMENTATION_COMMENTS = YES;
				CLANG_WARN_EMPTY_BODY = YES;
				CLANG_WARN_ENUM_CONVERSION = YES;
				CLANG_WARN_INFINITE_RECURSION = YES;
				CLANG_WARN_INT_CONVERSION = YES;
				CLANG_WARN_NON_LITERAL_NULL_CONVERSION = YES;
				CLANG_WARN_OBJC_IMPLICIT_RETAIN_SELF = YES;
				CLANG_WARN_OBJC_LITERAL_CONVERSION = YES;
				CLANG_WARN_OBJC_ROOT_CLASS = YES_ERROR;
				CLANG_WARN_QUOTED_INCLUDE_IN_FRAMEWORK_HEADER = YES;
				CLANG_WARN_RANGE_LOOP_ANALYSIS = YES;
				CLANG_WARN_STRICT_PROTOTYPES = YES;
				CLANG_WARN_SUSPICIOUS_MOVE = YES;
				CLANG_WARN_UNGUARDED_AVAILABILITY = YES_AGGRESSIVE;
				CLANG_WARN_UNREACHABLE_CODE = YES;
				CLANG_WARN__DUPLICATE_METHOD_MATCH = YES;
				CODE_SIGN_IDENTITY = "";
				CODE_SIGN_STYLE = Manual;
				COPY_PHASE_STRIP = NO;
				DEBUG_INFORMATION_FORMAT = dwarf;
				DEVELOPMENT_TEAM = Z8MAVG5W47;
				ENABLE_STRICT_OBJC_MSGSEND = YES;
				ENABLE_TESTABILITY = YES;
				GCC_C_LANGUAGE_STANDARD = gnu11;
				GCC_DYNAMIC_NO_PIC = NO;
				GCC_NO_COMMON_BLOCKS = YES;
				GCC_OPTIMIZATION_LEVEL = 0;
				GCC_PREPROCESSOR_DEFINITIONS = (
					"DEBUG=1",
					"$(inherited)",
				);
				GCC_WARN_64_TO_32_BIT_CONVERSION = YES;
				GCC_WARN_ABOUT_RETURN_TYPE = YES_ERROR;
				GCC_WARN_UNDECLARED_SELECTOR = YES;
				GCC_WARN_UNINITIALIZED_AUTOS = YES_AGGRESSIVE;
				GCC_WARN_UNUSED_FUNCTION = YES;
				GCC_WARN_UNUSED_VARIABLE = YES;
				IPHONEOS_DEPLOYMENT_TARGET = 12.3;
				MTL_ENABLE_DEBUG_INFO = INCLUDE_SOURCE;
				MTL_FAST_MATH = YES;
				ONLY_ACTIVE_ARCH = YES;
				SDKROOT = iphoneos;
				SWIFT_ACTIVE_COMPILATION_CONDITIONS = DEBUG;
				SWIFT_OPTIMIZATION_LEVEL = "-Onone";
				SWIFT_VERSION = 5.0;
			};
			name = Debug;
		};
		2C9C7EE4239FBCB400DE4071 /* Release */ = {
			isa = XCBuildConfiguration;
			buildSettings = {
				ALWAYS_SEARCH_USER_PATHS = NO;
				CLANG_ANALYZER_LOCALIZABILITY_NONLOCALIZED = YES;
				CLANG_ANALYZER_NONNULL = YES;
				CLANG_ANALYZER_NUMBER_OBJECT_CONVERSION = YES_AGGRESSIVE;
				CLANG_CXX_LANGUAGE_STANDARD = "gnu++14";
				CLANG_CXX_LIBRARY = "libc++";
				CLANG_ENABLE_MODULES = YES;
				CLANG_ENABLE_OBJC_ARC = YES;
				CLANG_ENABLE_OBJC_WEAK = YES;
				CLANG_WARN_BLOCK_CAPTURE_AUTORELEASING = YES;
				CLANG_WARN_BOOL_CONVERSION = YES;
				CLANG_WARN_COMMA = YES;
				CLANG_WARN_CONSTANT_CONVERSION = YES;
				CLANG_WARN_DEPRECATED_OBJC_IMPLEMENTATIONS = YES;
				CLANG_WARN_DIRECT_OBJC_ISA_USAGE = YES_ERROR;
				CLANG_WARN_DOCUMENTATION_COMMENTS = YES;
				CLANG_WARN_EMPTY_BODY = YES;
				CLANG_WARN_ENUM_CONVERSION = YES;
				CLANG_WARN_INFINITE_RECURSION = YES;
				CLANG_WARN_INT_CONVERSION = YES;
				CLANG_WARN_NON_LITERAL_NULL_CONVERSION = YES;
				CLANG_WARN_OBJC_IMPLICIT_RETAIN_SELF = YES;
				CLANG_WARN_OBJC_LITERAL_CONVERSION = YES;
				CLANG_WARN_OBJC_ROOT_CLASS = YES_ERROR;
				CLANG_WARN_QUOTED_INCLUDE_IN_FRAMEWORK_HEADER = YES;
				CLANG_WARN_RANGE_LOOP_ANALYSIS = YES;
				CLANG_WARN_STRICT_PROTOTYPES = YES;
				CLANG_WARN_SUSPICIOUS_MOVE = YES;
				CLANG_WARN_UNGUARDED_AVAILABILITY = YES_AGGRESSIVE;
				CLANG_WARN_UNREACHABLE_CODE = YES;
				CLANG_WARN__DUPLICATE_METHOD_MATCH = YES;
				CODE_SIGN_IDENTITY = "";
				CODE_SIGN_STYLE = Manual;
				COPY_PHASE_STRIP = NO;
				DEBUG_INFORMATION_FORMAT = "dwarf-with-dsym";
				DEVELOPMENT_TEAM = Z8MAVG5W47;
				ENABLE_NS_ASSERTIONS = NO;
				ENABLE_STRICT_OBJC_MSGSEND = YES;
				GCC_C_LANGUAGE_STANDARD = gnu11;
				GCC_NO_COMMON_BLOCKS = YES;
				GCC_WARN_64_TO_32_BIT_CONVERSION = YES;
				GCC_WARN_ABOUT_RETURN_TYPE = YES_ERROR;
				GCC_WARN_UNDECLARED_SELECTOR = YES;
				GCC_WARN_UNINITIALIZED_AUTOS = YES_AGGRESSIVE;
				GCC_WARN_UNUSED_FUNCTION = YES;
				GCC_WARN_UNUSED_VARIABLE = YES;
				IPHONEOS_DEPLOYMENT_TARGET = 12.3;
				MTL_ENABLE_DEBUG_INFO = NO;
				MTL_FAST_MATH = YES;
				SDKROOT = iphoneos;
				SWIFT_COMPILATION_MODE = wholemodule;
				SWIFT_OPTIMIZATION_LEVEL = "-O";
				SWIFT_VERSION = 5.0;
				VALIDATE_PRODUCT = YES;
			};
			name = Release;
		};
		2C9C7EE6239FBCB400DE4071 /* Debug */ = {
			isa = XCBuildConfiguration;
			baseConfigurationReference = F766CECEAB3039B03E54DDAA /* Pods-ASDKSample.debug.xcconfig */;
			buildSettings = {
				ASSETCATALOG_COMPILER_APPICON_NAME = AppIcon;
				CODE_SIGN_ENTITLEMENTS = ASDKSample/Resources/ASDKSampleDebug.entitlements;
				"CODE_SIGN_IDENTITY[sdk=iphoneos*]" = "iPhone Developer";
				CURRENT_PROJECT_VERSION = 54;
				INFOPLIST_FILE = "$(SRCROOT)/ASDKSample/Resources/Info.plist";
				IPHONEOS_DEPLOYMENT_TARGET = 12.3;
				LD_RUNPATH_SEARCH_PATHS = (
					"$(inherited)",
					"@executable_path/Frameworks",
				);
				MARKETING_VERSION = 0.1.0;
				PRODUCT_BUNDLE_IDENTIFIER = ru.tcsbank.ASDKSample;
				PRODUCT_NAME = "$(TARGET_NAME)";
				PROVISIONING_PROFILE_SPECIFIER = "ASDKSample Development";
				TARGETED_DEVICE_FAMILY = "1,2";
			};
			name = Debug;
		};
		2C9C7EE7239FBCB400DE4071 /* Release */ = {
			isa = XCBuildConfiguration;
			baseConfigurationReference = F81D3060AC7698D20867DD17 /* Pods-ASDKSample.release.xcconfig */;
			buildSettings = {
				ASSETCATALOG_COMPILER_APPICON_NAME = AppIcon;
				CODE_SIGN_ENTITLEMENTS = ASDKSample/ASDKSample.entitlements;
				"CODE_SIGN_IDENTITY[sdk=iphoneos*]" = "iPhone Distribution";
				CURRENT_PROJECT_VERSION = 54;
				INFOPLIST_FILE = "$(SRCROOT)/ASDKSample/Resources/Info.plist";
				IPHONEOS_DEPLOYMENT_TARGET = 12.3;
				LD_RUNPATH_SEARCH_PATHS = (
					"$(inherited)",
					"@executable_path/Frameworks",
				);
				MARKETING_VERSION = 0.1.0;
				PRODUCT_BUNDLE_IDENTIFIER = ru.tcsenterprise.core.ios.asdk;
				PRODUCT_NAME = "$(TARGET_NAME)";
				PROVISIONING_PROFILE_SPECIFIER = "match InHouse ru.tcsenterprise.core.ios.asdk";
				TARGETED_DEVICE_FAMILY = "1,2";
			};
			name = Release;
		};
		B18F3A822A164565004E153B /* Debug */ = {
			isa = XCBuildConfiguration;
			buildSettings = {
				BUNDLE_LOADER = "$(TEST_HOST)";
				CLANG_CXX_LANGUAGE_STANDARD = "gnu++20";
				CODE_SIGN_STYLE = Automatic;
				CURRENT_PROJECT_VERSION = 1;
				DEVELOPMENT_TEAM = WW6B78U563;
				GENERATE_INFOPLIST_FILE = YES;
				IPHONEOS_DEPLOYMENT_TARGET = 12.3;
				MARKETING_VERSION = 1.0;
				PRODUCT_BUNDLE_IDENTIFIER = com.ivanglushko.ASDKSampleTests;
				PRODUCT_NAME = "$(TARGET_NAME)";
				SWIFT_EMIT_LOC_STRINGS = NO;
				SWIFT_VERSION = 5.0;
				TARGETED_DEVICE_FAMILY = "1,2";
				TEST_HOST = "$(BUILT_PRODUCTS_DIR)/ASDKSample.app/$(BUNDLE_EXECUTABLE_FOLDER_PATH)/ASDKSample";
			};
			name = Debug;
		};
		B18F3A832A164565004E153B /* Release */ = {
			isa = XCBuildConfiguration;
			buildSettings = {
				BUNDLE_LOADER = "$(TEST_HOST)";
				CLANG_CXX_LANGUAGE_STANDARD = "gnu++20";
				CODE_SIGN_STYLE = Automatic;
				CURRENT_PROJECT_VERSION = 1;
				DEVELOPMENT_TEAM = WW6B78U563;
				GENERATE_INFOPLIST_FILE = YES;
				IPHONEOS_DEPLOYMENT_TARGET = 12.3;
				MARKETING_VERSION = 1.0;
				PRODUCT_BUNDLE_IDENTIFIER = com.ivanglushko.ASDKSampleTests;
				PRODUCT_NAME = "$(TARGET_NAME)";
				SWIFT_EMIT_LOC_STRINGS = NO;
				SWIFT_VERSION = 5.0;
				TARGETED_DEVICE_FAMILY = "1,2";
				TEST_HOST = "$(BUILT_PRODUCTS_DIR)/ASDKSample.app/$(BUNDLE_EXECUTABLE_FOLDER_PATH)/ASDKSample";
			};
			name = Release;
		};
		F7D00F142A6932D600B68B6F /* Debug */ = {
			isa = XCBuildConfiguration;
			baseConfigurationReference = 1C08A5F54992F8812B380E47 /* Pods-ASDKSampleUITests.debug.xcconfig */;
			buildSettings = {
				CLANG_CXX_LANGUAGE_STANDARD = "gnu++20";
				CODE_SIGN_STYLE = Automatic;
				CURRENT_PROJECT_VERSION = 1;
				GENERATE_INFOPLIST_FILE = YES;
				IPHONEOS_DEPLOYMENT_TARGET = 15.0;
				MARKETING_VERSION = 1.0;
				PRODUCT_BUNDLE_IDENTIFIER = gglushkov.ASDKSampleUITests;
				PRODUCT_NAME = "$(TARGET_NAME)";
				SWIFT_EMIT_LOC_STRINGS = NO;
				SWIFT_VERSION = 5.0;
				TARGETED_DEVICE_FAMILY = "1,2";
				TEST_TARGET_NAME = ASDKSample;
			};
			name = Debug;
		};
		F7D00F152A6932D600B68B6F /* Release */ = {
			isa = XCBuildConfiguration;
			baseConfigurationReference = A1500B64F1EB0C0EC0D7A1CE /* Pods-ASDKSampleUITests.release.xcconfig */;
			buildSettings = {
				CLANG_CXX_LANGUAGE_STANDARD = "gnu++20";
				CODE_SIGN_STYLE = Automatic;
				CURRENT_PROJECT_VERSION = 1;
				GENERATE_INFOPLIST_FILE = YES;
				IPHONEOS_DEPLOYMENT_TARGET = 15.0;
				MARKETING_VERSION = 1.0;
				PRODUCT_BUNDLE_IDENTIFIER = gglushkov.ASDKSampleUITests;
				PRODUCT_NAME = "$(TARGET_NAME)";
				SWIFT_EMIT_LOC_STRINGS = NO;
				SWIFT_VERSION = 5.0;
				TARGETED_DEVICE_FAMILY = "1,2";
				TEST_TARGET_NAME = ASDKSample;
			};
			name = Release;
		};
/* End XCBuildConfiguration section */

/* Begin XCConfigurationList section */
		2C9C7EB6239FBCB200DE4071 /* Build configuration list for PBXProject "ASDKSample" */ = {
			isa = XCConfigurationList;
			buildConfigurations = (
				2C9C7EE3239FBCB400DE4071 /* Debug */,
				2C9C7EE4239FBCB400DE4071 /* Release */,
			);
			defaultConfigurationIsVisible = 0;
			defaultConfigurationName = Release;
		};
		2C9C7EE5239FBCB400DE4071 /* Build configuration list for PBXNativeTarget "ASDKSample" */ = {
			isa = XCConfigurationList;
			buildConfigurations = (
				2C9C7EE6239FBCB400DE4071 /* Debug */,
				2C9C7EE7239FBCB400DE4071 /* Release */,
			);
			defaultConfigurationIsVisible = 0;
			defaultConfigurationName = Release;
		};
		B18F3A842A164565004E153B /* Build configuration list for PBXNativeTarget "ASDKSampleTests" */ = {
			isa = XCConfigurationList;
			buildConfigurations = (
				B18F3A822A164565004E153B /* Debug */,
				B18F3A832A164565004E153B /* Release */,
			);
			defaultConfigurationIsVisible = 0;
			defaultConfigurationName = Release;
		};
		F7D00F162A6932D600B68B6F /* Build configuration list for PBXNativeTarget "ASDKSampleUITests" */ = {
			isa = XCConfigurationList;
			buildConfigurations = (
				F7D00F142A6932D600B68B6F /* Debug */,
				F7D00F152A6932D600B68B6F /* Release */,
			);
			defaultConfigurationIsVisible = 0;
			defaultConfigurationName = Release;
		};
/* End XCConfigurationList section */

/* Begin XCRemoteSwiftPackageReference section */
		B18F3A852A1645DA004E153B /* XCRemoteSwiftPackageReference "swift-snapshot-testing" */ = {
			isa = XCRemoteSwiftPackageReference;
			repositoryURL = "https://github.com/pointfreeco/swift-snapshot-testing";
			requirement = {
				kind = upToNextMajorVersion;
				minimumVersion = 1.0.0;
			};
		};
/* End XCRemoteSwiftPackageReference section */

/* Begin XCSwiftPackageProductDependency section */
		B18F3A862A1645DA004E153B /* SnapshotTesting */ = {
			isa = XCSwiftPackageProductDependency;
			package = B18F3A852A1645DA004E153B /* XCRemoteSwiftPackageReference "swift-snapshot-testing" */;
			productName = SnapshotTesting;
		};
/* End XCSwiftPackageProductDependency section */
	};
	rootObject = 2C9C7EB3239FBCB200DE4071 /* Project object */;
}
