// !$*UTF8*$!
{
	archiveVersion = 1;
	classes = {
	};
	objectVersion = 50;
	objects = {

/* Begin PBXBuildFile section */
		2C16EAF823B0DB2E00A5C771 /* CardListDataProvider.swift in Sources */ = {isa = PBXBuildFile; fileRef = 2C16EAF723B0DB2E00A5C771 /* CardListDataProvider.swift */; };
		2C193C4C243CB35000058DDC /* PaymentQRCodeRequest.swift in Sources */ = {isa = PBXBuildFile; fileRef = 2C193C4B243CB35000058DDC /* PaymentQRCodeRequest.swift */; };
		2C25379C2385682B000B9724 /* PaymentStatusRequest.swift in Sources */ = {isa = PBXBuildFile; fileRef = 2C25379B2385682B000B9724 /* PaymentStatusRequest.swift */; };
		2C2A05AA24EBED2000E5242E /* HTTPURLResponse+TinkoffASDKCore.swift in Sources */ = {isa = PBXBuildFile; fileRef = 2C2A05A924EBED2000E5242E /* HTTPURLResponse+TinkoffASDKCore.swift */; };
		2C2A05AC24EBED6800E5242E /* HTTPResponseError.swift in Sources */ = {isa = PBXBuildFile; fileRef = 2C2A05AB24EBED6800E5242E /* HTTPResponseError.swift */; };
		2C2A05AE24EBFAF800E5242E /* AcquiringSdkConfiguration.swift in Sources */ = {isa = PBXBuildFile; fileRef = 2C2A05AD24EBFAF800E5242E /* AcquiringSdkConfiguration.swift */; };
		2C2E311423B4D59000AF9256 /* StageTestData.swift in Sources */ = {isa = PBXBuildFile; fileRef = 2CC2A096238D5AD5008F8045 /* StageTestData.swift */; };
		2C3B062A23717F9F003F100D /* Utils.swift in Sources */ = {isa = PBXBuildFile; fileRef = 2C3B062923717F9F003F100D /* Utils.swift */; };
		2C65607B2476932B00DEA4A9 /* CheckRandomAmountRequest.swift in Sources */ = {isa = PBXBuildFile; fileRef = 2C65607A2476932B00DEA4A9 /* CheckRandomAmountRequest.swift */; };
		2C70ADE52367328400E74FEB /* AcquiringModels.swift in Sources */ = {isa = PBXBuildFile; fileRef = 2C70ADE42367328400E74FEB /* AcquiringModels.swift */; };
		2C71D8F8236AEFB00014EAFF /* NetworkTransport.swift in Sources */ = {isa = PBXBuildFile; fileRef = 2C71D8F7236AEFB00014EAFF /* NetworkTransport.swift */; };
		2C88014F23914355007C8BFE /* Localizable.strings in Resources */ = {isa = PBXBuildFile; fileRef = 2C88015123914355007C8BFE /* Localizable.strings */; };
		2C936CD724406A1300533AE8 /* PaymentStatusServiceProvider.swift in Sources */ = {isa = PBXBuildFile; fileRef = 2C936CD624406A1300533AE8 /* PaymentStatusServiceProvider.swift */; };
		2C9AECD823840B0D00ACEAA0 /* PaymentFinishRequest.swift in Sources */ = {isa = PBXBuildFile; fileRef = 2C9AECD723840B0D00ACEAA0 /* PaymentFinishRequest.swift */; };
		2C9AECDA23840D8300ACEAA0 /* PaymentChargeRequest.swift in Sources */ = {isa = PBXBuildFile; fileRef = 2C9AECD923840D8300ACEAA0 /* PaymentChargeRequest.swift */; };
		2C9FE702248F9022009E9649 /* AcquiringLogger.swift in Sources */ = {isa = PBXBuildFile; fileRef = 2C9FE701248F9022009E9649 /* AcquiringLogger.swift */; };
		2C9FE704248F90D3009E9649 /* AcquiringRequest.swift in Sources */ = {isa = PBXBuildFile; fileRef = 2C9FE703248F90D3009E9649 /* AcquiringRequest.swift */; };
		2CB5F85923603D9F00208488 /* TinkoffASDKCore.framework in Frameworks */ = {isa = PBXBuildFile; fileRef = 2CB5F84F23603D9F00208488 /* TinkoffASDKCore.framework */; };
		2CB5F85E23603D9F00208488 /* CoreTests.swift in Sources */ = {isa = PBXBuildFile; fileRef = 2CB5F85D23603D9F00208488 /* CoreTests.swift */; };
		2CB5F86023603D9F00208488 /* TinkoffASDKCore.h in Headers */ = {isa = PBXBuildFile; fileRef = 2CB5F85223603D9F00208488 /* TinkoffASDKCore.h */; settings = {ATTRIBUTES = (Public, ); }; };
		2CB5F86C23603DD000208488 /* AcquiringSdk.swift in Sources */ = {isa = PBXBuildFile; fileRef = 2CB5F86A23603DD000208488 /* AcquiringSdk.swift */; };
		2CB5F8702360A9FC00208488 /* PaymentInitRequest.swift in Sources */ = {isa = PBXBuildFile; fileRef = 2CB5F86F2360A9FC00208488 /* PaymentInitRequest.swift */; };
		2CC2A095238D5A51008F8045 /* IntegrationTests.swift in Sources */ = {isa = PBXBuildFile; fileRef = 2CC2A094238D5A51008F8045 /* IntegrationTests.swift */; };
		2CC2A097238D5AD5008F8045 /* StageTestData.swift in Sources */ = {isa = PBXBuildFile; fileRef = 2CC2A096238D5AD5008F8045 /* StageTestData.swift */; };
		2CC2A099238D6565008F8045 /* FinishResponseTests.swift in Sources */ = {isa = PBXBuildFile; fileRef = 2CC2A098238D6565008F8045 /* FinishResponseTests.swift */; };
		2CC2A09D238D662E008F8045 /* PaymentCardRequests.swift in Sources */ = {isa = PBXBuildFile; fileRef = 2CC2A09C238D662E008F8045 /* PaymentCardRequests.swift */; };
		2CF1EDB1240F9CCB00155665 /* Check3dsVersionRequest.swift in Sources */ = {isa = PBXBuildFile; fileRef = 2CF1EDB0240F9CCB00155665 /* Check3dsVersionRequest.swift */; };
		5CB2E34928BDE56C00B07670 /* IPAddressValidatorTests.swift in Sources */ = {isa = PBXBuildFile; fileRef = 5CB2E33A28BDE56C00B07670 /* IPAddressValidatorTests.swift */; };
		5CB2E34A28BDE56C00B07670 /* IPv4AddressTests.swift in Sources */ = {isa = PBXBuildFile; fileRef = 5CB2E33B28BDE56C00B07670 /* IPv4AddressTests.swift */; };
		5CB2E34B28BDE56C00B07670 /* IPv6AddressTests.swift in Sources */ = {isa = PBXBuildFile; fileRef = 5CB2E33C28BDE56C00B07670 /* IPv6AddressTests.swift */; };
		5CB2E34C28BDE56C00B07670 /* MockHTTPURLResponseValidator.swift in Sources */ = {isa = PBXBuildFile; fileRef = 5CB2E33E28BDE56C00B07670 /* MockHTTPURLResponseValidator.swift */; };
		5CB2E34D28BDE56C00B07670 /* MockRequestBuilder.swift in Sources */ = {isa = PBXBuildFile; fileRef = 5CB2E33F28BDE56C00B07670 /* MockRequestBuilder.swift */; };
		5CB2E34E28BDE56C00B07670 /* MockRequestPerformer.swift in Sources */ = {isa = PBXBuildFile; fileRef = 5CB2E34028BDE56C00B07670 /* MockRequestPerformer.swift */; };
		5CB2E34F28BDE56C00B07670 /* TestsNetworkRequest.swift in Sources */ = {isa = PBXBuildFile; fileRef = 5CB2E34128BDE56C00B07670 /* TestsNetworkRequest.swift */; };
		5CB2E35028BDE56C00B07670 /* EmptyNetworkDataTask.swift in Sources */ = {isa = PBXBuildFile; fileRef = 5CB2E34228BDE56C00B07670 /* EmptyNetworkDataTask.swift */; };
		5CB2E35128BDE56C00B07670 /* MockNetworkRequestAdapter.swift in Sources */ = {isa = PBXBuildFile; fileRef = 5CB2E34328BDE56C00B07670 /* MockNetworkRequestAdapter.swift */; };
		5CB2E35228BDE56C00B07670 /* DefaultNetworkClientTests.swift in Sources */ = {isa = PBXBuildFile; fileRef = 5CB2E34528BDE56C00B07670 /* DefaultNetworkClientTests.swift */; };
		5CB2E35328BDE56C00B07670 /* DefaultNetworkClientRequestBuilderTests.swift in Sources */ = {isa = PBXBuildFile; fileRef = 5CB2E34628BDE56C00B07670 /* DefaultNetworkClientRequestBuilderTests.swift */; };
		5CB2E35428BDE56C00B07670 /* DefaultNetworkClientIntegrationTests.swift in Sources */ = {isa = PBXBuildFile; fileRef = 5CB2E34728BDE56C00B07670 /* DefaultNetworkClientIntegrationTests.swift */; };
		5CB2E35528BDE56C00B07670 /* DefaultHTTPURLResponseValidatorTests.swift in Sources */ = {isa = PBXBuildFile; fileRef = 5CB2E34828BDE56C00B07670 /* DefaultHTTPURLResponseValidatorTests.swift */; };
		5CB2E35E28BDE5CB00B07670 /* IPAddress.swift in Sources */ = {isa = PBXBuildFile; fileRef = 5CB2E35628BDE5CB00B07670 /* IPAddress.swift */; };
		5CB2E35F28BDE5CB00B07670 /* IPAddressFactory.swift in Sources */ = {isa = PBXBuildFile; fileRef = 5CB2E35728BDE5CB00B07670 /* IPAddressFactory.swift */; };
		5CB2E36028BDE5CB00B07670 /* IPAddressValidator.swift in Sources */ = {isa = PBXBuildFile; fileRef = 5CB2E35828BDE5CB00B07670 /* IPAddressValidator.swift */; };
		5CB2E36128BDE5CB00B07670 /* JSONDecoder+ISO8601Decoding.swift in Sources */ = {isa = PBXBuildFile; fileRef = 5CB2E35928BDE5CB00B07670 /* JSONDecoder+ISO8601Decoding.swift */; };
		5CB2E36228BDE5CB00B07670 /* IPv6Address.swift in Sources */ = {isa = PBXBuildFile; fileRef = 5CB2E35A28BDE5CB00B07670 /* IPv6Address.swift */; };
		5CB2E36328BDE5CB00B07670 /* Bundle+TinkoffASDKCoreResources.swift in Sources */ = {isa = PBXBuildFile; fileRef = 5CB2E35B28BDE5CB00B07670 /* Bundle+TinkoffASDKCoreResources.swift */; };
		5CB2E36428BDE5CB00B07670 /* IPv4Address.swift in Sources */ = {isa = PBXBuildFile; fileRef = 5CB2E35C28BDE5CB00B07670 /* IPv4Address.swift */; };
		5CB2E36528BDE5CB00B07670 /* Version.swift in Sources */ = {isa = PBXBuildFile; fileRef = 5CB2E35D28BDE5CB00B07670 /* Version.swift */; };
		5CB2E38E28BDE62E00B07670 /* GetTinkoffLinkResponse.swift in Sources */ = {isa = PBXBuildFile; fileRef = 5CB2E36828BDE62D00B07670 /* GetTinkoffLinkResponse.swift */; };
		5CB2E38F28BDE62E00B07670 /* GetCertsConfigResponse.swift in Sources */ = {isa = PBXBuildFile; fileRef = 5CB2E36928BDE62D00B07670 /* GetCertsConfigResponse.swift */; };
		5CB2E39028BDE62E00B07670 /* GetTinkoffPayStatusResponse.swift in Sources */ = {isa = PBXBuildFile; fileRef = 5CB2E36A28BDE62D00B07670 /* GetTinkoffPayStatusResponse.swift */; };
		5CB2E39128BDE62E00B07670 /* GetTinkoffLinkRequest.swift in Sources */ = {isa = PBXBuildFile; fileRef = 5CB2E36C28BDE62D00B07670 /* GetTinkoffLinkRequest.swift */; };
		5CB2E39228BDE62E00B07670 /* GetTinkoffPayStatusRequest.swift in Sources */ = {isa = PBXBuildFile; fileRef = 5CB2E36D28BDE62D00B07670 /* GetTinkoffPayStatusRequest.swift */; };
		5CB2E39328BDE62E00B07670 /* ThreeDSV2AuthorizationRequest.swift in Sources */ = {isa = PBXBuildFile; fileRef = 5CB2E36E28BDE62D00B07670 /* ThreeDSV2AuthorizationRequest.swift */; };
		5CB2E39428BDE62E00B07670 /* GetCertsConfigRequest.swift in Sources */ = {isa = PBXBuildFile; fileRef = 5CB2E36F28BDE62D00B07670 /* GetCertsConfigRequest.swift */; };
		5CB2E39528BDE62E00B07670 /* RequestMethod.swift in Sources */ = {isa = PBXBuildFile; fileRef = 5CB2E37028BDE62D00B07670 /* RequestMethod.swift */; };
		5CB2E39628BDE62E00B07670 /* RequestContentType.swift in Sources */ = {isa = PBXBuildFile; fileRef = 5CB2E37128BDE62D00B07670 /* RequestContentType.swift */; };
		5CB2E39728BDE62E00B07670 /* URLSession+URLRequestPerformer.swift in Sources */ = {isa = PBXBuildFile; fileRef = 5CB2E37328BDE62D00B07670 /* URLSession+URLRequestPerformer.swift */; };
		5CB2E39828BDE62E00B07670 /* NetworkResponse.swift in Sources */ = {isa = PBXBuildFile; fileRef = 5CB2E37428BDE62D00B07670 /* NetworkResponse.swift */; };
		5CB2E39928BDE62E00B07670 /* URL+HTTPHostProvider.swift in Sources */ = {isa = PBXBuildFile; fileRef = 5CB2E37528BDE62D00B07670 /* URL+HTTPHostProvider.swift */; };
		5CB2E39A28BDE62E00B07670 /* URLSessionDataTask+NetworkDataTask.swift in Sources */ = {isa = PBXBuildFile; fileRef = 5CB2E37628BDE62D00B07670 /* URLSessionDataTask+NetworkDataTask.swift */; };
		5CB2E39B28BDE62E00B07670 /* JSONEncoding.swift in Sources */ = {isa = PBXBuildFile; fileRef = 5CB2E37828BDE62D00B07670 /* JSONEncoding.swift */; };
		5CB2E39C28BDE62E00B07670 /* DefaultNetworkClientRequestBuilder.swift in Sources */ = {isa = PBXBuildFile; fileRef = 5CB2E37928BDE62D00B07670 /* DefaultNetworkClientRequestBuilder.swift */; };
		5CB2E39D28BDE62E00B07670 /* DefaultHTTPURLResponseValidator.swift in Sources */ = {isa = PBXBuildFile; fileRef = 5CB2E37A28BDE62D00B07670 /* DefaultHTTPURLResponseValidator.swift */; };
		5CB2E39E28BDE62E00B07670 /* DefaultNetworkClient.swift in Sources */ = {isa = PBXBuildFile; fileRef = 5CB2E37B28BDE62D00B07670 /* DefaultNetworkClient.swift */; };
		5CB2E39F28BDE62E00B07670 /* NetworkRequest.swift in Sources */ = {isa = PBXBuildFile; fileRef = 5CB2E37C28BDE62D00B07670 /* NetworkRequest.swift */; };
		5CB2E3A028BDE62E00B07670 /* NetworkError.swift in Sources */ = {isa = PBXBuildFile; fileRef = 5CB2E37D28BDE62D00B07670 /* NetworkError.swift */; };
		5CB2E3A128BDE62E00B07670 /* NetworkClient.swift in Sources */ = {isa = PBXBuildFile; fileRef = 5CB2E37F28BDE62D00B07670 /* NetworkClient.swift */; };
		5CB2E3A228BDE62E00B07670 /* NetworkDataTask.swift in Sources */ = {isa = PBXBuildFile; fileRef = 5CB2E38028BDE62D00B07670 /* NetworkDataTask.swift */; };
		5CB2E3A328BDE62E00B07670 /* HTTPHostProvider.swift in Sources */ = {isa = PBXBuildFile; fileRef = 5CB2E38128BDE62D00B07670 /* HTTPHostProvider.swift */; };
		5CB2E3A428BDE62E00B07670 /* URLRequestPerformer.swift in Sources */ = {isa = PBXBuildFile; fileRef = 5CB2E38228BDE62D00B07670 /* URLRequestPerformer.swift */; };
		5CB2E3A528BDE62E00B07670 /* ParametersEncoder.swift in Sources */ = {isa = PBXBuildFile; fileRef = 5CB2E38328BDE62D00B07670 /* ParametersEncoder.swift */; };
		5CB2E3A628BDE62E00B07670 /* NetworkClientRequestBuilder.swift in Sources */ = {isa = PBXBuildFile; fileRef = 5CB2E38428BDE62D00B07670 /* NetworkClientRequestBuilder.swift */; };
		5CB2E3A728BDE62E00B07670 /* NetworkRequestAdapter.swift in Sources */ = {isa = PBXBuildFile; fileRef = 5CB2E38528BDE62D00B07670 /* NetworkRequestAdapter.swift */; };
		5CB2E3A828BDE62E00B07670 /* HTTPURLResponseValidator.swift in Sources */ = {isa = PBXBuildFile; fileRef = 5CB2E38628BDE62D00B07670 /* HTTPURLResponseValidator.swift */; };
		5CB2E3A928BDE62E00B07670 /* PaymentInitDataParamsEnricher.swift in Sources */ = {isa = PBXBuildFile; fileRef = 5CB2E38928BDE62D00B07670 /* PaymentInitDataParamsEnricher.swift */; };
		5CB2E3AA28BDE62E00B07670 /* SBPBankResponse.swift in Sources */ = {isa = PBXBuildFile; fileRef = 5CB2E38B28BDE62E00B07670 /* SBPBankResponse.swift */; };
		5CB2E3AB28BDE62E00B07670 /* SBPBankLoader.swift in Sources */ = {isa = PBXBuildFile; fileRef = 5CB2E38C28BDE62E00B07670 /* SBPBankLoader.swift */; };
		5CB2E3AC28BDE62E00B07670 /* SBPBank.swift in Sources */ = {isa = PBXBuildFile; fileRef = 5CB2E38D28BDE62E00B07670 /* SBPBank.swift */; };
/* End PBXBuildFile section */

/* Begin PBXContainerItemProxy section */
		2CB5F85A23603D9F00208488 /* PBXContainerItemProxy */ = {
			isa = PBXContainerItemProxy;
			containerPortal = 2CB5F84623603D9F00208488 /* Project object */;
			proxyType = 1;
			remoteGlobalIDString = 2CB5F84E23603D9F00208488;
			remoteInfo = ASDKCore;
		};
/* End PBXContainerItemProxy section */

/* Begin PBXFileReference section */
		2C16EAF723B0DB2E00A5C771 /* CardListDataProvider.swift */ = {isa = PBXFileReference; lastKnownFileType = sourcecode.swift; path = CardListDataProvider.swift; sourceTree = "<group>"; };
		2C193C4B243CB35000058DDC /* PaymentQRCodeRequest.swift */ = {isa = PBXFileReference; lastKnownFileType = sourcecode.swift; path = PaymentQRCodeRequest.swift; sourceTree = "<group>"; };
		2C25379B2385682B000B9724 /* PaymentStatusRequest.swift */ = {isa = PBXFileReference; lastKnownFileType = sourcecode.swift; path = PaymentStatusRequest.swift; sourceTree = "<group>"; };
		2C2A05A924EBED2000E5242E /* HTTPURLResponse+TinkoffASDKCore.swift */ = {isa = PBXFileReference; lastKnownFileType = sourcecode.swift; path = "HTTPURLResponse+TinkoffASDKCore.swift"; sourceTree = "<group>"; };
		2C2A05AB24EBED6800E5242E /* HTTPResponseError.swift */ = {isa = PBXFileReference; lastKnownFileType = sourcecode.swift; path = HTTPResponseError.swift; sourceTree = "<group>"; };
		2C2A05AD24EBFAF800E5242E /* AcquiringSdkConfiguration.swift */ = {isa = PBXFileReference; lastKnownFileType = sourcecode.swift; path = AcquiringSdkConfiguration.swift; sourceTree = "<group>"; };
		2C3B062923717F9F003F100D /* Utils.swift */ = {isa = PBXFileReference; lastKnownFileType = sourcecode.swift; path = Utils.swift; sourceTree = "<group>"; };
		2C65607A2476932B00DEA4A9 /* CheckRandomAmountRequest.swift */ = {isa = PBXFileReference; lastKnownFileType = sourcecode.swift; path = CheckRandomAmountRequest.swift; sourceTree = "<group>"; };
		2C70ADE42367328400E74FEB /* AcquiringModels.swift */ = {isa = PBXFileReference; lastKnownFileType = sourcecode.swift; path = AcquiringModels.swift; sourceTree = "<group>"; };
		2C71D8F7236AEFB00014EAFF /* NetworkTransport.swift */ = {isa = PBXFileReference; lastKnownFileType = sourcecode.swift; path = NetworkTransport.swift; sourceTree = "<group>"; };
		2C88015023914355007C8BFE /* en */ = {isa = PBXFileReference; lastKnownFileType = text.plist.strings; name = en; path = en.lproj/Localizable.strings; sourceTree = "<group>"; };
		2C880153239143CE007C8BFE /* ru */ = {isa = PBXFileReference; lastKnownFileType = text.plist.strings; name = ru; path = ru.lproj/Localizable.strings; sourceTree = "<group>"; };
		2C936CD624406A1300533AE8 /* PaymentStatusServiceProvider.swift */ = {isa = PBXFileReference; lastKnownFileType = sourcecode.swift; path = PaymentStatusServiceProvider.swift; sourceTree = "<group>"; };
		2C9AECD723840B0D00ACEAA0 /* PaymentFinishRequest.swift */ = {isa = PBXFileReference; lastKnownFileType = sourcecode.swift; path = PaymentFinishRequest.swift; sourceTree = "<group>"; };
		2C9AECD923840D8300ACEAA0 /* PaymentChargeRequest.swift */ = {isa = PBXFileReference; lastKnownFileType = sourcecode.swift; path = PaymentChargeRequest.swift; sourceTree = "<group>"; };
		2C9FE701248F9022009E9649 /* AcquiringLogger.swift */ = {isa = PBXFileReference; lastKnownFileType = sourcecode.swift; path = AcquiringLogger.swift; sourceTree = "<group>"; };
		2C9FE703248F90D3009E9649 /* AcquiringRequest.swift */ = {isa = PBXFileReference; lastKnownFileType = sourcecode.swift; path = AcquiringRequest.swift; sourceTree = "<group>"; };
		2CB5F84F23603D9F00208488 /* TinkoffASDKCore.framework */ = {isa = PBXFileReference; explicitFileType = wrapper.framework; includeInIndex = 0; path = TinkoffASDKCore.framework; sourceTree = BUILT_PRODUCTS_DIR; };
		2CB5F85223603D9F00208488 /* TinkoffASDKCore.h */ = {isa = PBXFileReference; lastKnownFileType = sourcecode.c.h; path = TinkoffASDKCore.h; sourceTree = "<group>"; };
		2CB5F85323603D9F00208488 /* Info.plist */ = {isa = PBXFileReference; lastKnownFileType = text.plist.xml; path = Info.plist; sourceTree = "<group>"; };
		2CB5F85823603D9F00208488 /* TinkoffASDKCoreTests.xctest */ = {isa = PBXFileReference; explicitFileType = wrapper.cfbundle; includeInIndex = 0; path = TinkoffASDKCoreTests.xctest; sourceTree = BUILT_PRODUCTS_DIR; };
		2CB5F85D23603D9F00208488 /* CoreTests.swift */ = {isa = PBXFileReference; lastKnownFileType = sourcecode.swift; path = CoreTests.swift; sourceTree = "<group>"; };
		2CB5F85F23603D9F00208488 /* Info.plist */ = {isa = PBXFileReference; lastKnownFileType = text.plist.xml; path = Info.plist; sourceTree = "<group>"; };
		2CB5F86A23603DD000208488 /* AcquiringSdk.swift */ = {isa = PBXFileReference; fileEncoding = 4; lastKnownFileType = sourcecode.swift; path = AcquiringSdk.swift; sourceTree = "<group>"; };
		2CB5F86F2360A9FC00208488 /* PaymentInitRequest.swift */ = {isa = PBXFileReference; lastKnownFileType = sourcecode.swift; path = PaymentInitRequest.swift; sourceTree = "<group>"; };
		2CC2A094238D5A51008F8045 /* IntegrationTests.swift */ = {isa = PBXFileReference; lastKnownFileType = sourcecode.swift; path = IntegrationTests.swift; sourceTree = "<group>"; };
		2CC2A096238D5AD5008F8045 /* StageTestData.swift */ = {isa = PBXFileReference; lastKnownFileType = sourcecode.swift; path = StageTestData.swift; sourceTree = "<group>"; };
		2CC2A098238D6565008F8045 /* FinishResponseTests.swift */ = {isa = PBXFileReference; lastKnownFileType = sourcecode.swift; path = FinishResponseTests.swift; sourceTree = "<group>"; };
		2CC2A09C238D662E008F8045 /* PaymentCardRequests.swift */ = {isa = PBXFileReference; lastKnownFileType = sourcecode.swift; path = PaymentCardRequests.swift; sourceTree = "<group>"; };
		2CF1EDB0240F9CCB00155665 /* Check3dsVersionRequest.swift */ = {isa = PBXFileReference; lastKnownFileType = sourcecode.swift; path = Check3dsVersionRequest.swift; sourceTree = "<group>"; };
		5CB2E33A28BDE56C00B07670 /* IPAddressValidatorTests.swift */ = {isa = PBXFileReference; fileEncoding = 4; lastKnownFileType = sourcecode.swift; path = IPAddressValidatorTests.swift; sourceTree = "<group>"; };
		5CB2E33B28BDE56C00B07670 /* IPv4AddressTests.swift */ = {isa = PBXFileReference; fileEncoding = 4; lastKnownFileType = sourcecode.swift; path = IPv4AddressTests.swift; sourceTree = "<group>"; };
		5CB2E33C28BDE56C00B07670 /* IPv6AddressTests.swift */ = {isa = PBXFileReference; fileEncoding = 4; lastKnownFileType = sourcecode.swift; path = IPv6AddressTests.swift; sourceTree = "<group>"; };
		5CB2E33E28BDE56C00B07670 /* MockHTTPURLResponseValidator.swift */ = {isa = PBXFileReference; fileEncoding = 4; lastKnownFileType = sourcecode.swift; path = MockHTTPURLResponseValidator.swift; sourceTree = "<group>"; };
		5CB2E33F28BDE56C00B07670 /* MockRequestBuilder.swift */ = {isa = PBXFileReference; fileEncoding = 4; lastKnownFileType = sourcecode.swift; path = MockRequestBuilder.swift; sourceTree = "<group>"; };
		5CB2E34028BDE56C00B07670 /* MockRequestPerformer.swift */ = {isa = PBXFileReference; fileEncoding = 4; lastKnownFileType = sourcecode.swift; path = MockRequestPerformer.swift; sourceTree = "<group>"; };
		5CB2E34128BDE56C00B07670 /* TestsNetworkRequest.swift */ = {isa = PBXFileReference; fileEncoding = 4; lastKnownFileType = sourcecode.swift; path = TestsNetworkRequest.swift; sourceTree = "<group>"; };
		5CB2E34228BDE56C00B07670 /* EmptyNetworkDataTask.swift */ = {isa = PBXFileReference; fileEncoding = 4; lastKnownFileType = sourcecode.swift; path = EmptyNetworkDataTask.swift; sourceTree = "<group>"; };
		5CB2E34328BDE56C00B07670 /* MockNetworkRequestAdapter.swift */ = {isa = PBXFileReference; fileEncoding = 4; lastKnownFileType = sourcecode.swift; path = MockNetworkRequestAdapter.swift; sourceTree = "<group>"; };
		5CB2E34528BDE56C00B07670 /* DefaultNetworkClientTests.swift */ = {isa = PBXFileReference; fileEncoding = 4; lastKnownFileType = sourcecode.swift; path = DefaultNetworkClientTests.swift; sourceTree = "<group>"; };
		5CB2E34628BDE56C00B07670 /* DefaultNetworkClientRequestBuilderTests.swift */ = {isa = PBXFileReference; fileEncoding = 4; lastKnownFileType = sourcecode.swift; path = DefaultNetworkClientRequestBuilderTests.swift; sourceTree = "<group>"; };
		5CB2E34728BDE56C00B07670 /* DefaultNetworkClientIntegrationTests.swift */ = {isa = PBXFileReference; fileEncoding = 4; lastKnownFileType = sourcecode.swift; path = DefaultNetworkClientIntegrationTests.swift; sourceTree = "<group>"; };
		5CB2E34828BDE56C00B07670 /* DefaultHTTPURLResponseValidatorTests.swift */ = {isa = PBXFileReference; fileEncoding = 4; lastKnownFileType = sourcecode.swift; path = DefaultHTTPURLResponseValidatorTests.swift; sourceTree = "<group>"; };
		5CB2E35628BDE5CB00B07670 /* IPAddress.swift */ = {isa = PBXFileReference; fileEncoding = 4; lastKnownFileType = sourcecode.swift; path = IPAddress.swift; sourceTree = "<group>"; };
		5CB2E35728BDE5CB00B07670 /* IPAddressFactory.swift */ = {isa = PBXFileReference; fileEncoding = 4; lastKnownFileType = sourcecode.swift; path = IPAddressFactory.swift; sourceTree = "<group>"; };
		5CB2E35828BDE5CB00B07670 /* IPAddressValidator.swift */ = {isa = PBXFileReference; fileEncoding = 4; lastKnownFileType = sourcecode.swift; path = IPAddressValidator.swift; sourceTree = "<group>"; };
		5CB2E35928BDE5CB00B07670 /* JSONDecoder+ISO8601Decoding.swift */ = {isa = PBXFileReference; fileEncoding = 4; lastKnownFileType = sourcecode.swift; path = "JSONDecoder+ISO8601Decoding.swift"; sourceTree = "<group>"; };
		5CB2E35A28BDE5CB00B07670 /* IPv6Address.swift */ = {isa = PBXFileReference; fileEncoding = 4; lastKnownFileType = sourcecode.swift; path = IPv6Address.swift; sourceTree = "<group>"; };
		5CB2E35B28BDE5CB00B07670 /* Bundle+TinkoffASDKCoreResources.swift */ = {isa = PBXFileReference; fileEncoding = 4; lastKnownFileType = sourcecode.swift; path = "Bundle+TinkoffASDKCoreResources.swift"; sourceTree = "<group>"; };
		5CB2E35C28BDE5CB00B07670 /* IPv4Address.swift */ = {isa = PBXFileReference; fileEncoding = 4; lastKnownFileType = sourcecode.swift; path = IPv4Address.swift; sourceTree = "<group>"; };
		5CB2E35D28BDE5CB00B07670 /* Version.swift */ = {isa = PBXFileReference; fileEncoding = 4; lastKnownFileType = sourcecode.swift; path = Version.swift; sourceTree = "<group>"; };
		5CB2E36828BDE62D00B07670 /* GetTinkoffLinkResponse.swift */ = {isa = PBXFileReference; fileEncoding = 4; lastKnownFileType = sourcecode.swift; path = GetTinkoffLinkResponse.swift; sourceTree = "<group>"; };
		5CB2E36928BDE62D00B07670 /* GetCertsConfigResponse.swift */ = {isa = PBXFileReference; fileEncoding = 4; lastKnownFileType = sourcecode.swift; path = GetCertsConfigResponse.swift; sourceTree = "<group>"; };
		5CB2E36A28BDE62D00B07670 /* GetTinkoffPayStatusResponse.swift */ = {isa = PBXFileReference; fileEncoding = 4; lastKnownFileType = sourcecode.swift; path = GetTinkoffPayStatusResponse.swift; sourceTree = "<group>"; };
		5CB2E36C28BDE62D00B07670 /* GetTinkoffLinkRequest.swift */ = {isa = PBXFileReference; fileEncoding = 4; lastKnownFileType = sourcecode.swift; path = GetTinkoffLinkRequest.swift; sourceTree = "<group>"; };
		5CB2E36D28BDE62D00B07670 /* GetTinkoffPayStatusRequest.swift */ = {isa = PBXFileReference; fileEncoding = 4; lastKnownFileType = sourcecode.swift; path = GetTinkoffPayStatusRequest.swift; sourceTree = "<group>"; };
		5CB2E36E28BDE62D00B07670 /* ThreeDSV2AuthorizationRequest.swift */ = {isa = PBXFileReference; fileEncoding = 4; lastKnownFileType = sourcecode.swift; path = ThreeDSV2AuthorizationRequest.swift; sourceTree = "<group>"; };
		5CB2E36F28BDE62D00B07670 /* GetCertsConfigRequest.swift */ = {isa = PBXFileReference; fileEncoding = 4; lastKnownFileType = sourcecode.swift; path = GetCertsConfigRequest.swift; sourceTree = "<group>"; };
		5CB2E37028BDE62D00B07670 /* RequestMethod.swift */ = {isa = PBXFileReference; fileEncoding = 4; lastKnownFileType = sourcecode.swift; path = RequestMethod.swift; sourceTree = "<group>"; };
		5CB2E37128BDE62D00B07670 /* RequestContentType.swift */ = {isa = PBXFileReference; fileEncoding = 4; lastKnownFileType = sourcecode.swift; path = RequestContentType.swift; sourceTree = "<group>"; };
		5CB2E37328BDE62D00B07670 /* URLSession+URLRequestPerformer.swift */ = {isa = PBXFileReference; fileEncoding = 4; lastKnownFileType = sourcecode.swift; path = "URLSession+URLRequestPerformer.swift"; sourceTree = "<group>"; };
		5CB2E37428BDE62D00B07670 /* NetworkResponse.swift */ = {isa = PBXFileReference; fileEncoding = 4; lastKnownFileType = sourcecode.swift; path = NetworkResponse.swift; sourceTree = "<group>"; };
		5CB2E37528BDE62D00B07670 /* URL+HTTPHostProvider.swift */ = {isa = PBXFileReference; fileEncoding = 4; lastKnownFileType = sourcecode.swift; path = "URL+HTTPHostProvider.swift"; sourceTree = "<group>"; };
		5CB2E37628BDE62D00B07670 /* URLSessionDataTask+NetworkDataTask.swift */ = {isa = PBXFileReference; fileEncoding = 4; lastKnownFileType = sourcecode.swift; path = "URLSessionDataTask+NetworkDataTask.swift"; sourceTree = "<group>"; };
		5CB2E37828BDE62D00B07670 /* JSONEncoding.swift */ = {isa = PBXFileReference; fileEncoding = 4; lastKnownFileType = sourcecode.swift; path = JSONEncoding.swift; sourceTree = "<group>"; };
		5CB2E37928BDE62D00B07670 /* DefaultNetworkClientRequestBuilder.swift */ = {isa = PBXFileReference; fileEncoding = 4; lastKnownFileType = sourcecode.swift; path = DefaultNetworkClientRequestBuilder.swift; sourceTree = "<group>"; };
		5CB2E37A28BDE62D00B07670 /* DefaultHTTPURLResponseValidator.swift */ = {isa = PBXFileReference; fileEncoding = 4; lastKnownFileType = sourcecode.swift; path = DefaultHTTPURLResponseValidator.swift; sourceTree = "<group>"; };
		5CB2E37B28BDE62D00B07670 /* DefaultNetworkClient.swift */ = {isa = PBXFileReference; fileEncoding = 4; lastKnownFileType = sourcecode.swift; path = DefaultNetworkClient.swift; sourceTree = "<group>"; };
		5CB2E37C28BDE62D00B07670 /* NetworkRequest.swift */ = {isa = PBXFileReference; fileEncoding = 4; lastKnownFileType = sourcecode.swift; path = NetworkRequest.swift; sourceTree = "<group>"; };
		5CB2E37D28BDE62D00B07670 /* NetworkError.swift */ = {isa = PBXFileReference; fileEncoding = 4; lastKnownFileType = sourcecode.swift; path = NetworkError.swift; sourceTree = "<group>"; };
		5CB2E37F28BDE62D00B07670 /* NetworkClient.swift */ = {isa = PBXFileReference; fileEncoding = 4; lastKnownFileType = sourcecode.swift; path = NetworkClient.swift; sourceTree = "<group>"; };
		5CB2E38028BDE62D00B07670 /* NetworkDataTask.swift */ = {isa = PBXFileReference; fileEncoding = 4; lastKnownFileType = sourcecode.swift; path = NetworkDataTask.swift; sourceTree = "<group>"; };
		5CB2E38128BDE62D00B07670 /* HTTPHostProvider.swift */ = {isa = PBXFileReference; fileEncoding = 4; lastKnownFileType = sourcecode.swift; path = HTTPHostProvider.swift; sourceTree = "<group>"; };
		5CB2E38228BDE62D00B07670 /* URLRequestPerformer.swift */ = {isa = PBXFileReference; fileEncoding = 4; lastKnownFileType = sourcecode.swift; path = URLRequestPerformer.swift; sourceTree = "<group>"; };
		5CB2E38328BDE62D00B07670 /* ParametersEncoder.swift */ = {isa = PBXFileReference; fileEncoding = 4; lastKnownFileType = sourcecode.swift; path = ParametersEncoder.swift; sourceTree = "<group>"; };
		5CB2E38428BDE62D00B07670 /* NetworkClientRequestBuilder.swift */ = {isa = PBXFileReference; fileEncoding = 4; lastKnownFileType = sourcecode.swift; path = NetworkClientRequestBuilder.swift; sourceTree = "<group>"; };
		5CB2E38528BDE62D00B07670 /* NetworkRequestAdapter.swift */ = {isa = PBXFileReference; fileEncoding = 4; lastKnownFileType = sourcecode.swift; path = NetworkRequestAdapter.swift; sourceTree = "<group>"; };
		5CB2E38628BDE62D00B07670 /* HTTPURLResponseValidator.swift */ = {isa = PBXFileReference; fileEncoding = 4; lastKnownFileType = sourcecode.swift; path = HTTPURLResponseValidator.swift; sourceTree = "<group>"; };
		5CB2E38928BDE62D00B07670 /* PaymentInitDataParamsEnricher.swift */ = {isa = PBXFileReference; fileEncoding = 4; lastKnownFileType = sourcecode.swift; path = PaymentInitDataParamsEnricher.swift; sourceTree = "<group>"; };
		5CB2E38B28BDE62E00B07670 /* SBPBankResponse.swift */ = {isa = PBXFileReference; fileEncoding = 4; lastKnownFileType = sourcecode.swift; path = SBPBankResponse.swift; sourceTree = "<group>"; };
		5CB2E38C28BDE62E00B07670 /* SBPBankLoader.swift */ = {isa = PBXFileReference; fileEncoding = 4; lastKnownFileType = sourcecode.swift; path = SBPBankLoader.swift; sourceTree = "<group>"; };
		5CB2E38D28BDE62E00B07670 /* SBPBank.swift */ = {isa = PBXFileReference; fileEncoding = 4; lastKnownFileType = sourcecode.swift; path = SBPBank.swift; sourceTree = "<group>"; };
/* End PBXFileReference section */

/* Begin PBXFrameworksBuildPhase section */
		2CB5F84C23603D9F00208488 /* Frameworks */ = {
			isa = PBXFrameworksBuildPhase;
			buildActionMask = 2147483647;
			files = (
			);
			runOnlyForDeploymentPostprocessing = 0;
		};
		2CB5F85523603D9F00208488 /* Frameworks */ = {
			isa = PBXFrameworksBuildPhase;
			buildActionMask = 2147483647;
			files = (
				2CB5F85923603D9F00208488 /* TinkoffASDKCore.framework in Frameworks */,
			);
			runOnlyForDeploymentPostprocessing = 0;
		};
/* End PBXFrameworksBuildPhase section */

/* Begin PBXGroup section */
		2C16EAF623B0DB0700A5C771 /* DataProvider */ = {
			isa = PBXGroup;
			children = (
				2C16EAF723B0DB2E00A5C771 /* CardListDataProvider.swift */,
				2C936CD624406A1300533AE8 /* PaymentStatusServiceProvider.swift */,
			);
			name = DataProvider;
			sourceTree = "<group>";
		};
		2C70ADE32367325D00E74FEB /* Models */ = {
			isa = PBXGroup;
			children = (
				2C70ADE42367328400E74FEB /* AcquiringModels.swift */,
			);
			name = Models;
			sourceTree = "<group>";
		};
		2CB5F84523603D9F00208488 = {
			isa = PBXGroup;
			children = (
				2CB5F85123603D9F00208488 /* TinkoffASDKCore */,
				2CB5F85C23603D9F00208488 /* TinkoffASDKCoreTests */,
				2CB5F85023603D9F00208488 /* Products */,
			);
			sourceTree = "<group>";
		};
		2CB5F85023603D9F00208488 /* Products */ = {
			isa = PBXGroup;
			children = (
				2CB5F84F23603D9F00208488 /* TinkoffASDKCore.framework */,
				2CB5F85823603D9F00208488 /* TinkoffASDKCoreTests.xctest */,
			);
			name = Products;
			sourceTree = "<group>";
		};
		2CB5F85123603D9F00208488 /* TinkoffASDKCore */ = {
			isa = PBXGroup;
			children = (
				5CB2E38728BDE62D00B07670 /* API */,
				5CB2E37228BDE62D00B07670 /* Network */,
				5CB2E36628BDE62D00B07670 /* NetworkTransport */,
				5CB2E38A28BDE62E00B07670 /* SBP */,
				5CB2E35B28BDE5CB00B07670 /* Bundle+TinkoffASDKCoreResources.swift */,
				5CB2E35628BDE5CB00B07670 /* IPAddress.swift */,
				5CB2E35728BDE5CB00B07670 /* IPAddressFactory.swift */,
				5CB2E35828BDE5CB00B07670 /* IPAddressValidator.swift */,
				5CB2E35C28BDE5CB00B07670 /* IPv4Address.swift */,
				5CB2E35A28BDE5CB00B07670 /* IPv6Address.swift */,
				5CB2E35928BDE5CB00B07670 /* JSONDecoder+ISO8601Decoding.swift */,
				5CB2E35D28BDE5CB00B07670 /* Version.swift */,
				2C16EAF623B0DB0700A5C771 /* DataProvider */,
				2C70ADE32367325D00E74FEB /* Models */,
				2CB5F86E2360A9A100208488 /* Request */,
				2CB5F86A23603DD000208488 /* AcquiringSdk.swift */,
				2C2A05AD24EBFAF800E5242E /* AcquiringSdkConfiguration.swift */,
				2C9FE701248F9022009E9649 /* AcquiringLogger.swift */,
				2C71D8F7236AEFB00014EAFF /* NetworkTransport.swift */,
				2C3B062923717F9F003F100D /* Utils.swift */,
				2C2A05AB24EBED6800E5242E /* HTTPResponseError.swift */,
				2C2A05A924EBED2000E5242E /* HTTPURLResponse+TinkoffASDKCore.swift */,
				2C88015123914355007C8BFE /* Localizable.strings */,
				2CB5F85323603D9F00208488 /* Info.plist */,
				2CB5F85223603D9F00208488 /* TinkoffASDKCore.h */,
			);
			path = TinkoffASDKCore;
			sourceTree = "<group>";
		};
		2CB5F85C23603D9F00208488 /* TinkoffASDKCoreTests */ = {
			isa = PBXGroup;
			children = (
				5CB2E33D28BDE56C00B07670 /* Infrastructure */,
				5CB2E33928BDE56C00B07670 /* IPAddressTests */,
				5CB2E34428BDE56C00B07670 /* Network */,
				2CC2A096238D5AD5008F8045 /* StageTestData.swift */,
				2CB5F85D23603D9F00208488 /* CoreTests.swift */,
				2CC2A098238D6565008F8045 /* FinishResponseTests.swift */,
				2CC2A094238D5A51008F8045 /* IntegrationTests.swift */,
				2CB5F85F23603D9F00208488 /* Info.plist */,
			);
			path = TinkoffASDKCoreTests;
			sourceTree = "<group>";
		};
		2CB5F86E2360A9A100208488 /* Request */ = {
			isa = PBXGroup;
			children = (
				2CB5F86F2360A9FC00208488 /* PaymentInitRequest.swift */,
				2C9AECD723840B0D00ACEAA0 /* PaymentFinishRequest.swift */,
				2C9AECD923840D8300ACEAA0 /* PaymentChargeRequest.swift */,
				2C25379B2385682B000B9724 /* PaymentStatusRequest.swift */,
				2C193C4B243CB35000058DDC /* PaymentQRCodeRequest.swift */,
				2CF1EDB0240F9CCB00155665 /* Check3dsVersionRequest.swift */,
				2CC2A09C238D662E008F8045 /* PaymentCardRequests.swift */,
				2C65607A2476932B00DEA4A9 /* CheckRandomAmountRequest.swift */,
				2C9FE703248F90D3009E9649 /* AcquiringRequest.swift */,
			);
			name = Request;
			sourceTree = "<group>";
		};
		5CB2E33928BDE56C00B07670 /* IPAddressTests */ = {
			isa = PBXGroup;
			children = (
				5CB2E33A28BDE56C00B07670 /* IPAddressValidatorTests.swift */,
				5CB2E33B28BDE56C00B07670 /* IPv4AddressTests.swift */,
				5CB2E33C28BDE56C00B07670 /* IPv6AddressTests.swift */,
			);
			path = IPAddressTests;
			sourceTree = "<group>";
		};
		5CB2E33D28BDE56C00B07670 /* Infrastructure */ = {
			isa = PBXGroup;
			children = (
				5CB2E33E28BDE56C00B07670 /* MockHTTPURLResponseValidator.swift */,
				5CB2E33F28BDE56C00B07670 /* MockRequestBuilder.swift */,
				5CB2E34028BDE56C00B07670 /* MockRequestPerformer.swift */,
				5CB2E34128BDE56C00B07670 /* TestsNetworkRequest.swift */,
				5CB2E34228BDE56C00B07670 /* EmptyNetworkDataTask.swift */,
				5CB2E34328BDE56C00B07670 /* MockNetworkRequestAdapter.swift */,
			);
			path = Infrastructure;
			sourceTree = "<group>";
		};
		5CB2E34428BDE56C00B07670 /* Network */ = {
			isa = PBXGroup;
			children = (
				5CB2E34528BDE56C00B07670 /* DefaultNetworkClientTests.swift */,
				5CB2E34628BDE56C00B07670 /* DefaultNetworkClientRequestBuilderTests.swift */,
				5CB2E34728BDE56C00B07670 /* DefaultNetworkClientIntegrationTests.swift */,
				5CB2E34828BDE56C00B07670 /* DefaultHTTPURLResponseValidatorTests.swift */,
			);
			path = Network;
			sourceTree = "<group>";
		};
		5CB2E36628BDE62D00B07670 /* NetworkTransport */ = {
			isa = PBXGroup;
			children = (
				5CB2E36728BDE62D00B07670 /* Responses */,
				5CB2E36B28BDE62D00B07670 /* Requests */,
				5CB2E37028BDE62D00B07670 /* RequestMethod.swift */,
				5CB2E37128BDE62D00B07670 /* RequestContentType.swift */,
			);
			path = NetworkTransport;
			sourceTree = "<group>";
		};
		5CB2E36728BDE62D00B07670 /* Responses */ = {
			isa = PBXGroup;
			children = (
				5CB2E36828BDE62D00B07670 /* GetTinkoffLinkResponse.swift */,
				5CB2E36928BDE62D00B07670 /* GetCertsConfigResponse.swift */,
				5CB2E36A28BDE62D00B07670 /* GetTinkoffPayStatusResponse.swift */,
			);
			path = Responses;
			sourceTree = "<group>";
		};
		5CB2E36B28BDE62D00B07670 /* Requests */ = {
			isa = PBXGroup;
			children = (
				5CB2E36C28BDE62D00B07670 /* GetTinkoffLinkRequest.swift */,
				5CB2E36D28BDE62D00B07670 /* GetTinkoffPayStatusRequest.swift */,
				5CB2E36E28BDE62D00B07670 /* ThreeDSV2AuthorizationRequest.swift */,
				5CB2E36F28BDE62D00B07670 /* GetCertsConfigRequest.swift */,
			);
			path = Requests;
			sourceTree = "<group>";
		};
		5CB2E37228BDE62D00B07670 /* Network */ = {
			isa = PBXGroup;
			children = (
				5CB2E37328BDE62D00B07670 /* URLSession+URLRequestPerformer.swift */,
				5CB2E37428BDE62D00B07670 /* NetworkResponse.swift */,
				5CB2E37528BDE62D00B07670 /* URL+HTTPHostProvider.swift */,
				5CB2E37628BDE62D00B07670 /* URLSessionDataTask+NetworkDataTask.swift */,
				5CB2E37728BDE62D00B07670 /* Implementations */,
				5CB2E37C28BDE62D00B07670 /* NetworkRequest.swift */,
				5CB2E37D28BDE62D00B07670 /* NetworkError.swift */,
				5CB2E37E28BDE62D00B07670 /* Interfaces */,
			);
			path = Network;
			sourceTree = "<group>";
		};
		5CB2E37728BDE62D00B07670 /* Implementations */ = {
			isa = PBXGroup;
			children = (
				5CB2E37828BDE62D00B07670 /* JSONEncoding.swift */,
				5CB2E37928BDE62D00B07670 /* DefaultNetworkClientRequestBuilder.swift */,
				5CB2E37A28BDE62D00B07670 /* DefaultHTTPURLResponseValidator.swift */,
				5CB2E37B28BDE62D00B07670 /* DefaultNetworkClient.swift */,
			);
			path = Implementations;
			sourceTree = "<group>";
		};
		5CB2E37E28BDE62D00B07670 /* Interfaces */ = {
			isa = PBXGroup;
			children = (
				5CB2E37F28BDE62D00B07670 /* NetworkClient.swift */,
				5CB2E38028BDE62D00B07670 /* NetworkDataTask.swift */,
				5CB2E38128BDE62D00B07670 /* HTTPHostProvider.swift */,
				5CB2E38228BDE62D00B07670 /* URLRequestPerformer.swift */,
				5CB2E38328BDE62D00B07670 /* ParametersEncoder.swift */,
				5CB2E38428BDE62D00B07670 /* NetworkClientRequestBuilder.swift */,
				5CB2E38528BDE62D00B07670 /* NetworkRequestAdapter.swift */,
				5CB2E38628BDE62D00B07670 /* HTTPURLResponseValidator.swift */,
			);
			path = Interfaces;
			sourceTree = "<group>";
		};
		5CB2E38728BDE62D00B07670 /* API */ = {
			isa = PBXGroup;
			children = (
				5CB2E38828BDE62D00B07670 /* PaymentInitDataParamsEnricher */,
			);
			path = API;
			sourceTree = "<group>";
		};
		5CB2E38828BDE62D00B07670 /* PaymentInitDataParamsEnricher */ = {
			isa = PBXGroup;
			children = (
				5CB2E38928BDE62D00B07670 /* PaymentInitDataParamsEnricher.swift */,
			);
			path = PaymentInitDataParamsEnricher;
			sourceTree = "<group>";
		};
		5CB2E38A28BDE62E00B07670 /* SBP */ = {
			isa = PBXGroup;
			children = (
				5CB2E38B28BDE62E00B07670 /* SBPBankResponse.swift */,
				5CB2E38C28BDE62E00B07670 /* SBPBankLoader.swift */,
				5CB2E38D28BDE62E00B07670 /* SBPBank.swift */,
			);
			path = SBP;
			sourceTree = "<group>";
		};
/* End PBXGroup section */

/* Begin PBXHeadersBuildPhase section */
		2CB5F84A23603D9F00208488 /* Headers */ = {
			isa = PBXHeadersBuildPhase;
			buildActionMask = 2147483647;
			files = (
				2CB5F86023603D9F00208488 /* TinkoffASDKCore.h in Headers */,
			);
			runOnlyForDeploymentPostprocessing = 0;
		};
/* End PBXHeadersBuildPhase section */

/* Begin PBXNativeTarget section */
		2CB5F84E23603D9F00208488 /* TinkoffASDKCore */ = {
			isa = PBXNativeTarget;
			buildConfigurationList = 2CB5F86323603D9F00208488 /* Build configuration list for PBXNativeTarget "TinkoffASDKCore" */;
			buildPhases = (
				2CB5F84A23603D9F00208488 /* Headers */,
				2CB5F84B23603D9F00208488 /* Sources */,
				2CB5F84C23603D9F00208488 /* Frameworks */,
				2CB5F84D23603D9F00208488 /* Resources */,
			);
			buildRules = (
			);
			dependencies = (
			);
			name = TinkoffASDKCore;
			productName = ASDKCore;
			productReference = 2CB5F84F23603D9F00208488 /* TinkoffASDKCore.framework */;
			productType = "com.apple.product-type.framework";
		};
		2CB5F85723603D9F00208488 /* TinkoffASDKCoreTests */ = {
			isa = PBXNativeTarget;
			buildConfigurationList = 2CB5F86623603D9F00208488 /* Build configuration list for PBXNativeTarget "TinkoffASDKCoreTests" */;
			buildPhases = (
				2CB5F85423603D9F00208488 /* Sources */,
				2CB5F85523603D9F00208488 /* Frameworks */,
				2CB5F85623603D9F00208488 /* Resources */,
			);
			buildRules = (
			);
			dependencies = (
				2CB5F85B23603D9F00208488 /* PBXTargetDependency */,
			);
			name = TinkoffASDKCoreTests;
			productName = ASDKCoreTests;
			productReference = 2CB5F85823603D9F00208488 /* TinkoffASDKCoreTests.xctest */;
			productType = "com.apple.product-type.bundle.unit-test";
		};
/* End PBXNativeTarget section */

/* Begin PBXProject section */
		2CB5F84623603D9F00208488 /* Project object */ = {
			isa = PBXProject;
			attributes = {
				CLASSPREFIX = ASDK;
				LastSwiftUpdateCheck = 1100;
				LastUpgradeCheck = 1100;
				ORGANIZATIONNAME = Tinkoff;
				TargetAttributes = {
					2CB5F84E23603D9F00208488 = {
						CreatedOnToolsVersion = 11.0;
						LastSwiftMigration = 1100;
					};
					2CB5F85723603D9F00208488 = {
						CreatedOnToolsVersion = 11.0;
					};
				};
			};
			buildConfigurationList = 2CB5F84923603D9F00208488 /* Build configuration list for PBXProject "TinkoffASDKCore" */;
			compatibilityVersion = "Xcode 9.3";
			developmentRegion = en;
			hasScannedForEncodings = 0;
			knownRegions = (
				en,
				Base,
				ru,
			);
			mainGroup = 2CB5F84523603D9F00208488;
			productRefGroup = 2CB5F85023603D9F00208488 /* Products */;
			projectDirPath = "";
			projectRoot = "";
			targets = (
				2CB5F84E23603D9F00208488 /* TinkoffASDKCore */,
				2CB5F85723603D9F00208488 /* TinkoffASDKCoreTests */,
			);
		};
/* End PBXProject section */

/* Begin PBXResourcesBuildPhase section */
		2CB5F84D23603D9F00208488 /* Resources */ = {
			isa = PBXResourcesBuildPhase;
			buildActionMask = 2147483647;
			files = (
				2C88014F23914355007C8BFE /* Localizable.strings in Resources */,
			);
			runOnlyForDeploymentPostprocessing = 0;
		};
		2CB5F85623603D9F00208488 /* Resources */ = {
			isa = PBXResourcesBuildPhase;
			buildActionMask = 2147483647;
			files = (
			);
			runOnlyForDeploymentPostprocessing = 0;
		};
/* End PBXResourcesBuildPhase section */

/* Begin PBXSourcesBuildPhase section */
		2CB5F84B23603D9F00208488 /* Sources */ = {
			isa = PBXSourcesBuildPhase;
			buildActionMask = 2147483647;
			files = (
				2C936CD724406A1300533AE8 /* PaymentStatusServiceProvider.swift in Sources */,
				5CB2E39728BDE62E00B07670 /* URLSession+URLRequestPerformer.swift in Sources */,
				2C65607B2476932B00DEA4A9 /* CheckRandomAmountRequest.swift in Sources */,
				5CB2E35E28BDE5CB00B07670 /* IPAddress.swift in Sources */,
				5CB2E38F28BDE62E00B07670 /* GetCertsConfigResponse.swift in Sources */,
				2C9AECDA23840D8300ACEAA0 /* PaymentChargeRequest.swift in Sources */,
				2C2A05AC24EBED6800E5242E /* HTTPResponseError.swift in Sources */,
				2C9FE704248F90D3009E9649 /* AcquiringRequest.swift in Sources */,
				5CB2E39E28BDE62E00B07670 /* DefaultNetworkClient.swift in Sources */,
				2C71D8F8236AEFB00014EAFF /* NetworkTransport.swift in Sources */,
				5CB2E3A528BDE62E00B07670 /* ParametersEncoder.swift in Sources */,
				5CB2E39A28BDE62E00B07670 /* URLSessionDataTask+NetworkDataTask.swift in Sources */,
				2C3B062A23717F9F003F100D /* Utils.swift in Sources */,
				5CB2E35F28BDE5CB00B07670 /* IPAddressFactory.swift in Sources */,
				5CB2E3AB28BDE62E00B07670 /* SBPBankLoader.swift in Sources */,
				5CB2E3A428BDE62E00B07670 /* URLRequestPerformer.swift in Sources */,
				5CB2E39628BDE62E00B07670 /* RequestContentType.swift in Sources */,
				5CB2E36028BDE5CB00B07670 /* IPAddressValidator.swift in Sources */,
				5CB2E39B28BDE62E00B07670 /* JSONEncoding.swift in Sources */,
				5CB2E39C28BDE62E00B07670 /* DefaultNetworkClientRequestBuilder.swift in Sources */,
				2C2A05AA24EBED2000E5242E /* HTTPURLResponse+TinkoffASDKCore.swift in Sources */,
				2C25379C2385682B000B9724 /* PaymentStatusRequest.swift in Sources */,
				5CB2E3A628BDE62E00B07670 /* NetworkClientRequestBuilder.swift in Sources */,
				5CB2E3A928BDE62E00B07670 /* PaymentInitDataParamsEnricher.swift in Sources */,
				2C9FE702248F9022009E9649 /* AcquiringLogger.swift in Sources */,
				2CB5F8702360A9FC00208488 /* PaymentInitRequest.swift in Sources */,
				5CB2E36228BDE5CB00B07670 /* IPv6Address.swift in Sources */,
				5CB2E3A228BDE62E00B07670 /* NetworkDataTask.swift in Sources */,
				5CB2E39528BDE62E00B07670 /* RequestMethod.swift in Sources */,
				5CB2E3A128BDE62E00B07670 /* NetworkClient.swift in Sources */,
				5CB2E39228BDE62E00B07670 /* GetTinkoffPayStatusRequest.swift in Sources */,
				5CB2E38E28BDE62E00B07670 /* GetTinkoffLinkResponse.swift in Sources */,
				2C70ADE52367328400E74FEB /* AcquiringModels.swift in Sources */,
				5CB2E39D28BDE62E00B07670 /* DefaultHTTPURLResponseValidator.swift in Sources */,
				2C9AECD823840B0D00ACEAA0 /* PaymentFinishRequest.swift in Sources */,
				5CB2E3A328BDE62E00B07670 /* HTTPHostProvider.swift in Sources */,
				2CB5F86C23603DD000208488 /* AcquiringSdk.swift in Sources */,
				5CB2E36528BDE5CB00B07670 /* Version.swift in Sources */,
				2CC2A09D238D662E008F8045 /* PaymentCardRequests.swift in Sources */,
				5CB2E36328BDE5CB00B07670 /* Bundle+TinkoffASDKCoreResources.swift in Sources */,
				5CB2E3AC28BDE62E00B07670 /* SBPBank.swift in Sources */,
				5CB2E3A728BDE62E00B07670 /* NetworkRequestAdapter.swift in Sources */,
				5CB2E36128BDE5CB00B07670 /* JSONDecoder+ISO8601Decoding.swift in Sources */,
				2C16EAF823B0DB2E00A5C771 /* CardListDataProvider.swift in Sources */,
				2CF1EDB1240F9CCB00155665 /* Check3dsVersionRequest.swift in Sources */,
				2C193C4C243CB35000058DDC /* PaymentQRCodeRequest.swift in Sources */,
				2C2A05AE24EBFAF800E5242E /* AcquiringSdkConfiguration.swift in Sources */,
				5CB2E39328BDE62E00B07670 /* ThreeDSV2AuthorizationRequest.swift in Sources */,
				5CB2E3AA28BDE62E00B07670 /* SBPBankResponse.swift in Sources */,
				5CB2E39F28BDE62E00B07670 /* NetworkRequest.swift in Sources */,
				5CB2E36428BDE5CB00B07670 /* IPv4Address.swift in Sources */,
				5CB2E39428BDE62E00B07670 /* GetCertsConfigRequest.swift in Sources */,
				5CB2E39028BDE62E00B07670 /* GetTinkoffPayStatusResponse.swift in Sources */,
				5CB2E39928BDE62E00B07670 /* URL+HTTPHostProvider.swift in Sources */,
				5CB2E3A028BDE62E00B07670 /* NetworkError.swift in Sources */,
				5CB2E39128BDE62E00B07670 /* GetTinkoffLinkRequest.swift in Sources */,
				5CB2E3A828BDE62E00B07670 /* HTTPURLResponseValidator.swift in Sources */,
				2C2E311423B4D59000AF9256 /* StageTestData.swift in Sources */,
				5CB2E39828BDE62E00B07670 /* NetworkResponse.swift in Sources */,
			);
			runOnlyForDeploymentPostprocessing = 0;
		};
		2CB5F85423603D9F00208488 /* Sources */ = {
			isa = PBXSourcesBuildPhase;
			buildActionMask = 2147483647;
			files = (
				5CB2E34E28BDE56C00B07670 /* MockRequestPerformer.swift in Sources */,
				5CB2E34D28BDE56C00B07670 /* MockRequestBuilder.swift in Sources */,
				5CB2E35128BDE56C00B07670 /* MockNetworkRequestAdapter.swift in Sources */,
				2CB5F85E23603D9F00208488 /* CoreTests.swift in Sources */,
				5CB2E35328BDE56C00B07670 /* DefaultNetworkClientRequestBuilderTests.swift in Sources */,
				2CC2A097238D5AD5008F8045 /* StageTestData.swift in Sources */,
				2CC2A099238D6565008F8045 /* FinishResponseTests.swift in Sources */,
				5CB2E34C28BDE56C00B07670 /* MockHTTPURLResponseValidator.swift in Sources */,
				5CB2E35528BDE56C00B07670 /* DefaultHTTPURLResponseValidatorTests.swift in Sources */,
				5CB2E34B28BDE56C00B07670 /* IPv6AddressTests.swift in Sources */,
				5CB2E35028BDE56C00B07670 /* EmptyNetworkDataTask.swift in Sources */,
				5CB2E35428BDE56C00B07670 /* DefaultNetworkClientIntegrationTests.swift in Sources */,
				5CB2E35228BDE56C00B07670 /* DefaultNetworkClientTests.swift in Sources */,
				5CB2E34A28BDE56C00B07670 /* IPv4AddressTests.swift in Sources */,
				2CC2A095238D5A51008F8045 /* IntegrationTests.swift in Sources */,
				5CB2E34928BDE56C00B07670 /* IPAddressValidatorTests.swift in Sources */,
				5CB2E34F28BDE56C00B07670 /* TestsNetworkRequest.swift in Sources */,
			);
			runOnlyForDeploymentPostprocessing = 0;
		};
/* End PBXSourcesBuildPhase section */

/* Begin PBXTargetDependency section */
		2CB5F85B23603D9F00208488 /* PBXTargetDependency */ = {
			isa = PBXTargetDependency;
			target = 2CB5F84E23603D9F00208488 /* TinkoffASDKCore */;
			targetProxy = 2CB5F85A23603D9F00208488 /* PBXContainerItemProxy */;
		};
/* End PBXTargetDependency section */

/* Begin PBXVariantGroup section */
		2C88015123914355007C8BFE /* Localizable.strings */ = {
			isa = PBXVariantGroup;
			children = (
				2C88015023914355007C8BFE /* en */,
				2C880153239143CE007C8BFE /* ru */,
			);
			name = Localizable.strings;
			sourceTree = "<group>";
		};
/* End PBXVariantGroup section */

/* Begin XCBuildConfiguration section */
		2CB5F86123603D9F00208488 /* Debug */ = {
			isa = XCBuildConfiguration;
			buildSettings = {
				ALWAYS_SEARCH_USER_PATHS = NO;
				CLANG_ANALYZER_LOCALIZABILITY_NONLOCALIZED = YES;
				CLANG_ANALYZER_NONNULL = YES;
				CLANG_ANALYZER_NUMBER_OBJECT_CONVERSION = YES_AGGRESSIVE;
				CLANG_CXX_LANGUAGE_STANDARD = "gnu++14";
				CLANG_CXX_LIBRARY = "libc++";
				CLANG_ENABLE_MODULES = YES;
				CLANG_ENABLE_OBJC_ARC = YES;
				CLANG_ENABLE_OBJC_WEAK = YES;
				CLANG_WARN_BLOCK_CAPTURE_AUTORELEASING = YES;
				CLANG_WARN_BOOL_CONVERSION = YES;
				CLANG_WARN_COMMA = YES;
				CLANG_WARN_CONSTANT_CONVERSION = YES;
				CLANG_WARN_DEPRECATED_OBJC_IMPLEMENTATIONS = YES;
				CLANG_WARN_DIRECT_OBJC_ISA_USAGE = YES_ERROR;
				CLANG_WARN_DOCUMENTATION_COMMENTS = YES;
				CLANG_WARN_EMPTY_BODY = YES;
				CLANG_WARN_ENUM_CONVERSION = YES;
				CLANG_WARN_INFINITE_RECURSION = YES;
				CLANG_WARN_INT_CONVERSION = YES;
				CLANG_WARN_NON_LITERAL_NULL_CONVERSION = YES;
				CLANG_WARN_OBJC_IMPLICIT_RETAIN_SELF = YES;
				CLANG_WARN_OBJC_LITERAL_CONVERSION = YES;
				CLANG_WARN_OBJC_ROOT_CLASS = YES_ERROR;
				CLANG_WARN_RANGE_LOOP_ANALYSIS = YES;
				CLANG_WARN_STRICT_PROTOTYPES = YES;
				CLANG_WARN_SUSPICIOUS_MOVE = YES;
				CLANG_WARN_UNGUARDED_AVAILABILITY = YES_AGGRESSIVE;
				CLANG_WARN_UNREACHABLE_CODE = YES;
				CLANG_WARN__DUPLICATE_METHOD_MATCH = YES;
				COPY_PHASE_STRIP = NO;
				CURRENT_PROJECT_VERSION = 1;
				DEBUG_INFORMATION_FORMAT = dwarf;
				ENABLE_STRICT_OBJC_MSGSEND = YES;
				ENABLE_TESTABILITY = YES;
				GCC_C_LANGUAGE_STANDARD = gnu11;
				GCC_DYNAMIC_NO_PIC = NO;
				GCC_NO_COMMON_BLOCKS = YES;
				GCC_OPTIMIZATION_LEVEL = 0;
				GCC_PREPROCESSOR_DEFINITIONS = (
					"DEBUG=1",
					"$(inherited)",
				);
				GCC_WARN_64_TO_32_BIT_CONVERSION = YES;
				GCC_WARN_ABOUT_RETURN_TYPE = YES_ERROR;
				GCC_WARN_UNDECLARED_SELECTOR = YES;
				GCC_WARN_UNINITIALIZED_AUTOS = YES_AGGRESSIVE;
				GCC_WARN_UNUSED_FUNCTION = YES;
				GCC_WARN_UNUSED_VARIABLE = YES;
				IPHONEOS_DEPLOYMENT_TARGET = 11.0;
				MTL_ENABLE_DEBUG_INFO = INCLUDE_SOURCE;
				MTL_FAST_MATH = YES;
				ONLY_ACTIVE_ARCH = YES;
				SDKROOT = iphoneos;
				SWIFT_ACTIVE_COMPILATION_CONDITIONS = DEBUG;
				SWIFT_OPTIMIZATION_LEVEL = "-Onone";
				SWIFT_VERSION = 5.0;
				VERSIONING_SYSTEM = "apple-generic";
				VERSION_INFO_PREFIX = "";
			};
			name = Debug;
		};
		2CB5F86223603D9F00208488 /* Release */ = {
			isa = XCBuildConfiguration;
			buildSettings = {
				ALWAYS_SEARCH_USER_PATHS = NO;
				CLANG_ANALYZER_LOCALIZABILITY_NONLOCALIZED = YES;
				CLANG_ANALYZER_NONNULL = YES;
				CLANG_ANALYZER_NUMBER_OBJECT_CONVERSION = YES_AGGRESSIVE;
				CLANG_CXX_LANGUAGE_STANDARD = "gnu++14";
				CLANG_CXX_LIBRARY = "libc++";
				CLANG_ENABLE_MODULES = YES;
				CLANG_ENABLE_OBJC_ARC = YES;
				CLANG_ENABLE_OBJC_WEAK = YES;
				CLANG_WARN_BLOCK_CAPTURE_AUTORELEASING = YES;
				CLANG_WARN_BOOL_CONVERSION = YES;
				CLANG_WARN_COMMA = YES;
				CLANG_WARN_CONSTANT_CONVERSION = YES;
				CLANG_WARN_DEPRECATED_OBJC_IMPLEMENTATIONS = YES;
				CLANG_WARN_DIRECT_OBJC_ISA_USAGE = YES_ERROR;
				CLANG_WARN_DOCUMENTATION_COMMENTS = YES;
				CLANG_WARN_EMPTY_BODY = YES;
				CLANG_WARN_ENUM_CONVERSION = YES;
				CLANG_WARN_INFINITE_RECURSION = YES;
				CLANG_WARN_INT_CONVERSION = YES;
				CLANG_WARN_NON_LITERAL_NULL_CONVERSION = YES;
				CLANG_WARN_OBJC_IMPLICIT_RETAIN_SELF = YES;
				CLANG_WARN_OBJC_LITERAL_CONVERSION = YES;
				CLANG_WARN_OBJC_ROOT_CLASS = YES_ERROR;
				CLANG_WARN_RANGE_LOOP_ANALYSIS = YES;
				CLANG_WARN_STRICT_PROTOTYPES = YES;
				CLANG_WARN_SUSPICIOUS_MOVE = YES;
				CLANG_WARN_UNGUARDED_AVAILABILITY = YES_AGGRESSIVE;
				CLANG_WARN_UNREACHABLE_CODE = YES;
				CLANG_WARN__DUPLICATE_METHOD_MATCH = YES;
				COPY_PHASE_STRIP = NO;
				CURRENT_PROJECT_VERSION = 1;
				DEBUG_INFORMATION_FORMAT = "dwarf-with-dsym";
				ENABLE_NS_ASSERTIONS = NO;
				ENABLE_STRICT_OBJC_MSGSEND = YES;
				GCC_C_LANGUAGE_STANDARD = gnu11;
				GCC_NO_COMMON_BLOCKS = YES;
				GCC_WARN_64_TO_32_BIT_CONVERSION = YES;
				GCC_WARN_ABOUT_RETURN_TYPE = YES_ERROR;
				GCC_WARN_UNDECLARED_SELECTOR = YES;
				GCC_WARN_UNINITIALIZED_AUTOS = YES_AGGRESSIVE;
				GCC_WARN_UNUSED_FUNCTION = YES;
				GCC_WARN_UNUSED_VARIABLE = YES;
				IPHONEOS_DEPLOYMENT_TARGET = 11.0;
				MTL_ENABLE_DEBUG_INFO = NO;
				MTL_FAST_MATH = YES;
				SDKROOT = iphoneos;
				SWIFT_COMPILATION_MODE = wholemodule;
				SWIFT_OPTIMIZATION_LEVEL = "-O";
				SWIFT_VERSION = 5.0;
				VALIDATE_PRODUCT = YES;
				VERSIONING_SYSTEM = "apple-generic";
				VERSION_INFO_PREFIX = "";
			};
			name = Release;
		};
		2CB5F86423603D9F00208488 /* Debug */ = {
			isa = XCBuildConfiguration;
			buildSettings = {
				CLANG_ENABLE_MODULES = YES;
				CODE_SIGN_STYLE = Manual;
				CURRENT_PROJECT_VERSION = 33;
				DEFINES_MODULE = YES;
				DEVELOPMENT_TEAM = "";
				DYLIB_COMPATIBILITY_VERSION = 1;
				DYLIB_CURRENT_VERSION = 1;
				DYLIB_INSTALL_NAME_BASE = "@rpath";
				INFOPLIST_FILE = "$(SRCROOT)/TinkoffASDKCore/Info.plist";
				INSTALL_PATH = "$(LOCAL_LIBRARY_DIR)/Frameworks";
				LD_RUNPATH_SEARCH_PATHS = (
					"$(inherited)",
					"@executable_path/Frameworks",
					"@loader_path/Frameworks",
				);
				MARKETING_VERSION = 2.0.4;
				PRODUCT_BUNDLE_IDENTIFIER = tinkoff.ASDKCore;
				PRODUCT_NAME = "$(TARGET_NAME:c99extidentifier)";
				PROVISIONING_PROFILE_SPECIFIER = "";
				"PROVISIONING_PROFILE_SPECIFIER[sdk=macosx*]" = "";
				SKIP_INSTALL = YES;
				SWIFT_OPTIMIZATION_LEVEL = "-Onone";
				TARGETED_DEVICE_FAMILY = "1,2";
			};
			name = Debug;
		};
		2CB5F86523603D9F00208488 /* Release */ = {
			isa = XCBuildConfiguration;
			buildSettings = {
				CLANG_ENABLE_MODULES = YES;
				CODE_SIGN_STYLE = Manual;
				CURRENT_PROJECT_VERSION = 33;
				DEFINES_MODULE = YES;
				DEVELOPMENT_TEAM = "";
				DYLIB_COMPATIBILITY_VERSION = 1;
				DYLIB_CURRENT_VERSION = 1;
				DYLIB_INSTALL_NAME_BASE = "@rpath";
				INFOPLIST_FILE = "$(SRCROOT)/TinkoffASDKCore/Info.plist";
				INSTALL_PATH = "$(LOCAL_LIBRARY_DIR)/Frameworks";
				LD_RUNPATH_SEARCH_PATHS = (
					"$(inherited)",
					"@executable_path/Frameworks",
					"@loader_path/Frameworks",
				);
				MARKETING_VERSION = 2.0.4;
				PRODUCT_BUNDLE_IDENTIFIER = tinkoff.ASDKCore;
				PRODUCT_NAME = "$(TARGET_NAME:c99extidentifier)";
				PROVISIONING_PROFILE_SPECIFIER = "";
				"PROVISIONING_PROFILE_SPECIFIER[sdk=macosx*]" = "";
				SKIP_INSTALL = YES;
				TARGETED_DEVICE_FAMILY = "1,2";
			};
			name = Release;
		};
		2CB5F86723603D9F00208488 /* Debug */ = {
			isa = XCBuildConfiguration;
			buildSettings = {
				ALWAYS_EMBED_SWIFT_STANDARD_LIBRARIES = YES;
				CODE_SIGN_STYLE = Manual;
				DEVELOPMENT_TEAM = "";
				INFOPLIST_FILE = TinkoffASDKCoreTests/Info.plist;
				LD_RUNPATH_SEARCH_PATHS = (
					"$(inherited)",
					"@executable_path/Frameworks",
					"@loader_path/Frameworks",
				);
				PRODUCT_BUNDLE_IDENTIFIER = tinkoff.ASDKCoreTests;
				PRODUCT_NAME = "$(TARGET_NAME)";
				PROVISIONING_PROFILE_SPECIFIER = "";
				"PROVISIONING_PROFILE_SPECIFIER[sdk=macosx*]" = "";
				SWIFT_VERSION = 5.0;
				TARGETED_DEVICE_FAMILY = "1,2";
			};
			name = Debug;
		};
		2CB5F86823603D9F00208488 /* Release */ = {
			isa = XCBuildConfiguration;
			buildSettings = {
				ALWAYS_EMBED_SWIFT_STANDARD_LIBRARIES = YES;
				CODE_SIGN_STYLE = Manual;
				DEVELOPMENT_TEAM = "";
				INFOPLIST_FILE = TinkoffASDKCoreTests/Info.plist;
				LD_RUNPATH_SEARCH_PATHS = (
					"$(inherited)",
					"@executable_path/Frameworks",
					"@loader_path/Frameworks",
				);
				PRODUCT_BUNDLE_IDENTIFIER = tinkoff.ASDKCoreTests;
				PRODUCT_NAME = "$(TARGET_NAME)";
				PROVISIONING_PROFILE_SPECIFIER = "";
				"PROVISIONING_PROFILE_SPECIFIER[sdk=macosx*]" = "";
				SWIFT_VERSION = 5.0;
				TARGETED_DEVICE_FAMILY = "1,2";
			};
			name = Release;
		};
/* End XCBuildConfiguration section */

/* Begin XCConfigurationList section */
		2CB5F84923603D9F00208488 /* Build configuration list for PBXProject "TinkoffASDKCore" */ = {
			isa = XCConfigurationList;
			buildConfigurations = (
				2CB5F86123603D9F00208488 /* Debug */,
				2CB5F86223603D9F00208488 /* Release */,
			);
			defaultConfigurationIsVisible = 0;
			defaultConfigurationName = Release;
		};
		2CB5F86323603D9F00208488 /* Build configuration list for PBXNativeTarget "TinkoffASDKCore" */ = {
			isa = XCConfigurationList;
			buildConfigurations = (
				2CB5F86423603D9F00208488 /* Debug */,
				2CB5F86523603D9F00208488 /* Release */,
			);
			defaultConfigurationIsVisible = 0;
			defaultConfigurationName = Release;
		};
		2CB5F86623603D9F00208488 /* Build configuration list for PBXNativeTarget "TinkoffASDKCoreTests" */ = {
			isa = XCConfigurationList;
			buildConfigurations = (
				2CB5F86723603D9F00208488 /* Debug */,
				2CB5F86823603D9F00208488 /* Release */,
			);
			defaultConfigurationIsVisible = 0;
			defaultConfigurationName = Release;
		};
/* End XCConfigurationList section */
	};
	rootObject = 2CB5F84623603D9F00208488 /* Project object */;
}
