PODS:
  - SwiftFormat/CLI (0.47.2)
  - SwiftLint (0.40.3)
  - TinkoffASDKCore (3.0.0-alpha8)
  - TinkoffASDKCore/Tests (3.0.0-alpha8)
  - TinkoffASDKUI (3.0.0-alpha8):
    - TinkoffASDKCore

DEPENDENCIES:
  - SwiftFormat/CLI (~> 0.47.2)
  - SwiftLint (~> 0.40.0)
  - TinkoffASDKCore (from `../`)
  - TinkoffASDKCore/Tests (from `../`)
  - TinkoffASDKUI (from `../`)

SPEC REPOS:
  trunk:
    - SwiftFormat
    - SwiftLint

EXTERNAL SOURCES:
  TinkoffASDKCore:
    :path: "../"
  TinkoffASDKUI:
    :path: "../"

SPEC CHECKSUMS:
  SwiftFormat: 0315a7115b15fd4ea2d043d5f5c22e3c98f84078
  SwiftLint: dfd554ff0dff17288ee574814ccdd5cea85d76f7
  TinkoffASDKCore: 6f563e9576c6e7167670bee78c2cb425fdb0ecf2
  TinkoffASDKUI: c6bfcf68d0aea149c9d636d8f89e6adc5d5e4c47

PODFILE CHECKSUM: 624c75ef2cd3b1e0422f01c7b3085404cbb1258a

COCOAPODS: 1.10.1
