PODS:
  - PromiseKit/CorePromise (6.18.1)
  - SwiftFormat/CLI (0.49.18)
  - SwiftGen (6.6.2)
  - SwiftLint (0.47.0)
  - TinkoffASDKCore (2.17.0)
  - TinkoffASDKCore/Tests (2.17.0)
  - TinkoffASDKUI (2.17.0):
    - TinkoffASDKCore
  - TinkoffASDKUI/Tests (2.17.0):
    - TinkoffASDKCore
  - TinkoffASDKYandexPay (2.17.0):
    - TinkoffASDKCore
    - TinkoffASDKUI
    - YandexPaySDK/Dynamic (~> 1.2)
  - YandexLoginSDK (2.0.2)
  - YandexMobileMetrica/Dynamic (4.4.0):
    - YandexMobileMetrica/Dynamic/Core (= 4.4.0)
    - YandexMobileMetrica/Dynamic/Crashes (= 4.4.0)
  - YandexMobileMetrica/Dynamic/Core (4.4.0)
  - YandexMobileMetrica/Dynamic/Crashes (4.4.0):
    - YandexMobileMetrica/Dynamic/Core
  - YandexPaySDK/Dynamic (1.2.0):
    - PromiseKit/CorePromise (~> 6.0)
    - YandexLoginSDK (~> 2.0.2)
    - YandexMobileMetrica/Dynamic

DEPENDENCIES:
  - SwiftFormat/CLI (= 0.49.18)
  - SwiftGen (~> 6.0)
  - SwiftLint (= 0.47.0)
  - TinkoffASDKCore (from `../`)
  - TinkoffASDKCore/Tests (from `../`)
  - TinkoffASDKUI (from `../`)
  - TinkoffASDKUI/Tests (from `../`)
  - TinkoffASDKYandexPay (from `../`)

SPEC REPOS:
  trunk:
    - PromiseKit
    - SwiftFormat
    - SwiftGen
    - SwiftLint
    - YandexLoginSDK
    - YandexMobileMetrica
    - YandexPaySDK

EXTERNAL SOURCES:
  TinkoffASDKCore:
    :path: "../"
  TinkoffASDKUI:
    :path: "../"
  TinkoffASDKYandexPay:
    :path: "../"

SPEC CHECKSUMS:
  PromiseKit: 49d70c53d5d20e346beaea4b276b5dd2ab446bb4
  SwiftFormat: 2402d29b26746f169cce5454d5af88314cbb2e35
  SwiftGen: 1366a7f71aeef49954ca5a63ba4bef6b0f24138c
  SwiftLint: d41cc46a2ae58ac6d9f26954bc89f1d72e71fdef
  TinkoffASDKCore: a6c5290f5b70494074401f416c2ff48a28d7a2fc
  TinkoffASDKUI: 3afb584b2683ff5e039ccb3d8e7156b36fd09e23
  TinkoffASDKYandexPay: 06ea08cfafb5f70805cc8f1c769dbeaf7024befc
  YandexLoginSDK: cd407482207b4b7da75c5f7d7fd2fdd6a604c325
  YandexMobileMetrica: baf7cea47cb87fc9af963c4f747ce8dd7df3d7c0
  YandexPaySDK: 77bfc6e67d889e26f1f3926c2a6cdfd5ccbb6a52

PODFILE CHECKSUM: 217bce3f9ba90d1b9b1fb5edcc9d48457072e21e

COCOAPODS: 1.11.3
